// !$*UTF8*$!
{
	archiveVersion = 1;
	classes = {
	};
	objectVersion = 50;
	objects = {

/* Begin PBXBuildFile section */
		222E8BD5277538B10016C62F /* Cells.swift in Sources */ = {isa = PBXBuildFile; fileRef = 222E8BBD277538B10016C62F /* Cells.swift */; };
		222E8BD6277538B10016C62F /* SearchViewController.swift in Sources */ = {isa = PBXBuildFile; fileRef = 222E8BBE277538B10016C62F /* SearchViewController.swift */; };
		222E8BD7277538B10016C62F /* Library.swift in Sources */ = {isa = PBXBuildFile; fileRef = 222E8BBF277538B10016C62F /* Library.swift */; };
		222E8BD8277538B10016C62F /* MusicViewController.swift in Sources */ = {isa = PBXBuildFile; fileRef = 222E8BC0277538B10016C62F /* MusicViewController.swift */; };
		222E8BD9277538B10016C62F /* aboutVc.swift in Sources */ = {isa = PBXBuildFile; fileRef = 222E8BC3277538B10016C62F /* aboutVc.swift */; };
		222E8BDA277538B10016C62F /* NotificationSettingsVc.swift in Sources */ = {isa = PBXBuildFile; fileRef = 222E8BC4277538B10016C62F /* NotificationSettingsVc.swift */; };
		222E8BDB277538B10016C62F /* SecuritySettingsVc.swift in Sources */ = {isa = PBXBuildFile; fileRef = 222E8BC5277538B10016C62F /* SecuritySettingsVc.swift */; };
		222E8BDC277538B10016C62F /* AccountSettingsVc.swift in Sources */ = {isa = PBXBuildFile; fileRef = 222E8BC6277538B10016C62F /* AccountSettingsVc.swift */; };
		222E8BDD277538B10016C62F /* PrivacySettingsVc.swift in Sources */ = {isa = PBXBuildFile; fileRef = 222E8BC7277538B10016C62F /* PrivacySettingsVc.swift */; };
		222E8BDE277538B10016C62F /* WalletSettingsVc.swift in Sources */ = {isa = PBXBuildFile; fileRef = 222E8BC8277538B10016C62F /* WalletSettingsVc.swift */; };
		222E8BDF277538B10016C62F /* SettingsViewController.swift in Sources */ = {isa = PBXBuildFile; fileRef = 222E8BC9277538B10016C62F /* SettingsViewController.swift */; };
		222E8BE0277538B10016C62F /* TrackQueueListViewController.swift in Sources */ = {isa = PBXBuildFile; fileRef = 222E8BCA277538B10016C62F /* TrackQueueListViewController.swift */; };
		222E8BE1277538B10016C62F /* PlayerViewController.swift in Sources */ = {isa = PBXBuildFile; fileRef = 222E8BCB277538B10016C62F /* PlayerViewController.swift */; };
		222E8BE2277538B10016C62F /* SearchResultViewController.swift in Sources */ = {isa = PBXBuildFile; fileRef = 222E8BCC277538B10016C62F /* SearchResultViewController.swift */; };
		222E8BE3277538B10016C62F /* TrackHistoryViewController.swift in Sources */ = {isa = PBXBuildFile; fileRef = 222E8BCD277538B10016C62F /* TrackHistoryViewController.swift */; };
		222E8BE4277538B10016C62F /* ArtistProfileVc.swift in Sources */ = {isa = PBXBuildFile; fileRef = 222E8BCE277538B10016C62F /* ArtistProfileVc.swift */; };
		222E8BE5277538B10016C62F /* ReleasesVc.swift in Sources */ = {isa = PBXBuildFile; fileRef = 222E8BCF277538B10016C62F /* ReleasesVc.swift */; };
		222E8BE6277538B10016C62F /* OverViewController.swift in Sources */ = {isa = PBXBuildFile; fileRef = 222E8BD0277538B10016C62F /* OverViewController.swift */; };
		222E8BE7277538B10016C62F /* HomeVc.swift in Sources */ = {isa = PBXBuildFile; fileRef = 222E8BD1277538B10016C62F /* HomeVc.swift */; };
		222E8BE8277538B10016C62F /* LoginViewController.swift in Sources */ = {isa = PBXBuildFile; fileRef = 222E8BD2277538B10016C62F /* LoginViewController.swift */; };
		222E8BE9277538B10016C62F /* VideoViewController.swift in Sources */ = {isa = PBXBuildFile; fileRef = 222E8BD3277538B10016C62F /* VideoViewController.swift */; };
		222E8BEA277538B10016C62F /* components.swift in Sources */ = {isa = PBXBuildFile; fileRef = 222E8BD4277538B10016C62F /* components.swift */; };
		225314B526E523EF00D1F496 /* AppDelegate.swift in Sources */ = {isa = PBXBuildFile; fileRef = 2253148926E523EE00D1F496 /* AppDelegate.swift */; };
		225314D326E523EF00D1F496 /* bundle-decodable.swift in Sources */ = {isa = PBXBuildFile; fileRef = 225314AB26E523EF00D1F496 /* bundle-decodable.swift */; };
		225314D626E523EF00D1F496 /* SceneDelegate.swift in Sources */ = {isa = PBXBuildFile; fileRef = 225314AE26E523EF00D1F496 /* SceneDelegate.swift */; };
		225314FA26E5241300D1F496 /* UtilityFunctions.swift in Sources */ = {isa = PBXBuildFile; fileRef = 225314F826E5241300D1F496 /* UtilityFunctions.swift */; };
		227A1B1C278A191B00314ED7 /* extensions.swift in Sources */ = {isa = PBXBuildFile; fileRef = 227A1B1B278A191A00314ED7 /* extensions.swift */; };
		227A2D9F2795DD56005F7EE2 /* Assets.xcassets in Resources */ = {isa = PBXBuildFile; fileRef = 227A2D9E2795DD55005F7EE2 /* Assets.xcassets */; };
		227A2DA52795FAD5005F7EE2 /* Protocols.swift in Sources */ = {isa = PBXBuildFile; fileRef = 227A2DA42795FAD5005F7EE2 /* Protocols.swift */; };
		229F559F26E5288D00D10B36 /* NetworkManager.swift in Sources */ = {isa = PBXBuildFile; fileRef = 229F559E26E5288D00D10B36 /* NetworkManager.swift */; };
		229F561126E52EFC00D10B36 /* Models.swift in Sources */ = {isa = PBXBuildFile; fileRef = 229F561026E52EFC00D10B36 /* Models.swift */; };
		229F561A26E5300000D10B36 /* profileData.json in Resources */ = {isa = PBXBuildFile; fileRef = 229F561626E5300000D10B36 /* profileData.json */; };
		229F561B26E5300000D10B36 /* AlbumDetail.json in Resources */ = {isa = PBXBuildFile; fileRef = 229F561726E5300000D10B36 /* AlbumDetail.json */; };
		229F561C26E5300000D10B36 /* catalog.json in Resources */ = {isa = PBXBuildFile; fileRef = 229F561826E5300000D10B36 /* catalog.json */; };
		229F561D26E5300000D10B36 /* overview.json in Resources */ = {isa = PBXBuildFile; fileRef = 229F561926E5300000D10B36 /* overview.json */; };
		22ABF28F2789F78300D0F65F /* TrackOptionsViewController.swift in Sources */ = {isa = PBXBuildFile; fileRef = 22ABF28E2789F78200D0F65F /* TrackOptionsViewController.swift */; };
		22B49448279DC547003EAFCB /* DetailViewController.swift in Sources */ = {isa = PBXBuildFile; fileRef = 22B49447279DC547003EAFCB /* DetailViewController.swift */; };
		22B4944A279EAF16003EAFCB /* ProfileViewController.swift in Sources */ = {isa = PBXBuildFile; fileRef = 22B49449279EAF15003EAFCB /* ProfileViewController.swift */; };
		22FAAF432732D6D20021F67C /* AudioManager.swift in Sources */ = {isa = PBXBuildFile; fileRef = 22FAAF422732D6D20021F67C /* AudioManager.swift */; };
		D942194126DC7F6E00F1DC78 /* spotlightTests.swift in Sources */ = {isa = PBXBuildFile; fileRef = D942193F26DC7F6E00F1DC78 /* spotlightTests.swift */; };
		D942194C26DC7FB500F1DC78 /* spotlightUITests.swift in Sources */ = {isa = PBXBuildFile; fileRef = D942194A26DC7FB500F1DC78 /* spotlightUITests.swift */; };
/* End PBXBuildFile section */

/* Begin PBXContainerItemProxy section */
		D99178372677DEA600961969 /* PBXContainerItemProxy */ = {
			isa = PBXContainerItemProxy;
			containerPortal = D99178182677DEA100961969 /* Project object */;
			proxyType = 1;
			remoteGlobalIDString = D991781F2677DEA100961969;
			remoteInfo = spotlight;
		};
		D99178422677DEA700961969 /* PBXContainerItemProxy */ = {
			isa = PBXContainerItemProxy;
			containerPortal = D99178182677DEA100961969 /* Project object */;
			proxyType = 1;
			remoteGlobalIDString = D991781F2677DEA100961969;
			remoteInfo = spotlight;
		};
/* End PBXContainerItemProxy section */

/* Begin PBXFileReference section */
		222E8BBD277538B10016C62F /* Cells.swift */ = {isa = PBXFileReference; fileEncoding = 4; lastKnownFileType = sourcecode.swift; path = Cells.swift; sourceTree = "<group>"; };
		222E8BBE277538B10016C62F /* SearchViewController.swift */ = {isa = PBXFileReference; fileEncoding = 4; lastKnownFileType = sourcecode.swift; path = SearchViewController.swift; sourceTree = "<group>"; };
		222E8BBF277538B10016C62F /* Library.swift */ = {isa = PBXFileReference; fileEncoding = 4; lastKnownFileType = sourcecode.swift; path = Library.swift; sourceTree = "<group>"; };
		222E8BC0277538B10016C62F /* MusicViewController.swift */ = {isa = PBXFileReference; fileEncoding = 4; lastKnownFileType = sourcecode.swift; path = MusicViewController.swift; sourceTree = "<group>"; };
		222E8BC3277538B10016C62F /* aboutVc.swift */ = {isa = PBXFileReference; fileEncoding = 4; lastKnownFileType = sourcecode.swift; path = aboutVc.swift; sourceTree = "<group>"; };
		222E8BC4277538B10016C62F /* NotificationSettingsVc.swift */ = {isa = PBXFileReference; fileEncoding = 4; lastKnownFileType = sourcecode.swift; path = NotificationSettingsVc.swift; sourceTree = "<group>"; };
		222E8BC5277538B10016C62F /* SecuritySettingsVc.swift */ = {isa = PBXFileReference; fileEncoding = 4; lastKnownFileType = sourcecode.swift; path = SecuritySettingsVc.swift; sourceTree = "<group>"; };
		222E8BC6277538B10016C62F /* AccountSettingsVc.swift */ = {isa = PBXFileReference; fileEncoding = 4; lastKnownFileType = sourcecode.swift; path = AccountSettingsVc.swift; sourceTree = "<group>"; };
		222E8BC7277538B10016C62F /* PrivacySettingsVc.swift */ = {isa = PBXFileReference; fileEncoding = 4; lastKnownFileType = sourcecode.swift; path = PrivacySettingsVc.swift; sourceTree = "<group>"; };
		222E8BC8277538B10016C62F /* WalletSettingsVc.swift */ = {isa = PBXFileReference; fileEncoding = 4; lastKnownFileType = sourcecode.swift; path = WalletSettingsVc.swift; sourceTree = "<group>"; };
		222E8BC9277538B10016C62F /* SettingsViewController.swift */ = {isa = PBXFileReference; fileEncoding = 4; lastKnownFileType = sourcecode.swift; path = SettingsViewController.swift; sourceTree = "<group>"; };
		222E8BCA277538B10016C62F /* TrackQueueListViewController.swift */ = {isa = PBXFileReference; fileEncoding = 4; lastKnownFileType = sourcecode.swift; path = TrackQueueListViewController.swift; sourceTree = "<group>"; };
		222E8BCB277538B10016C62F /* PlayerViewController.swift */ = {isa = PBXFileReference; fileEncoding = 4; lastKnownFileType = sourcecode.swift; path = PlayerViewController.swift; sourceTree = "<group>"; };
		222E8BCC277538B10016C62F /* SearchResultViewController.swift */ = {isa = PBXFileReference; fileEncoding = 4; lastKnownFileType = sourcecode.swift; path = SearchResultViewController.swift; sourceTree = "<group>"; };
		222E8BCD277538B10016C62F /* TrackHistoryViewController.swift */ = {isa = PBXFileReference; fileEncoding = 4; lastKnownFileType = sourcecode.swift; path = TrackHistoryViewController.swift; sourceTree = "<group>"; };
		222E8BCE277538B10016C62F /* ArtistProfileVc.swift */ = {isa = PBXFileReference; fileEncoding = 4; lastKnownFileType = sourcecode.swift; path = ArtistProfileVc.swift; sourceTree = "<group>"; };
		222E8BCF277538B10016C62F /* ReleasesVc.swift */ = {isa = PBXFileReference; fileEncoding = 4; lastKnownFileType = sourcecode.swift; path = ReleasesVc.swift; sourceTree = "<group>"; };
		222E8BD0277538B10016C62F /* OverViewController.swift */ = {isa = PBXFileReference; fileEncoding = 4; lastKnownFileType = sourcecode.swift; path = OverViewController.swift; sourceTree = "<group>"; };
		222E8BD1277538B10016C62F /* HomeVc.swift */ = {isa = PBXFileReference; fileEncoding = 4; lastKnownFileType = sourcecode.swift; path = HomeVc.swift; sourceTree = "<group>"; };
		222E8BD2277538B10016C62F /* LoginViewController.swift */ = {isa = PBXFileReference; fileEncoding = 4; lastKnownFileType = sourcecode.swift; path = LoginViewController.swift; sourceTree = "<group>"; };
		222E8BD3277538B10016C62F /* VideoViewController.swift */ = {isa = PBXFileReference; fileEncoding = 4; lastKnownFileType = sourcecode.swift; path = VideoViewController.swift; sourceTree = "<group>"; };
		222E8BD4277538B10016C62F /* components.swift */ = {isa = PBXFileReference; fileEncoding = 4; lastKnownFileType = sourcecode.swift; path = components.swift; sourceTree = "<group>"; };
		2253148926E523EE00D1F496 /* AppDelegate.swift */ = {isa = PBXFileReference; fileEncoding = 4; lastKnownFileType = sourcecode.swift; path = AppDelegate.swift; sourceTree = "<group>"; };
		225314AB26E523EF00D1F496 /* bundle-decodable.swift */ = {isa = PBXFileReference; fileEncoding = 4; lastKnownFileType = sourcecode.swift; path = "bundle-decodable.swift"; sourceTree = "<group>"; };
		225314AE26E523EF00D1F496 /* SceneDelegate.swift */ = {isa = PBXFileReference; fileEncoding = 4; lastKnownFileType = sourcecode.swift; path = SceneDelegate.swift; sourceTree = "<group>"; };
		225314F826E5241300D1F496 /* UtilityFunctions.swift */ = {isa = PBXFileReference; fileEncoding = 4; lastKnownFileType = sourcecode.swift; path = UtilityFunctions.swift; sourceTree = "<group>"; };
		227A1B1B278A191A00314ED7 /* extensions.swift */ = {isa = PBXFileReference; lastKnownFileType = sourcecode.swift; path = extensions.swift; sourceTree = "<group>"; };
		227A2D9E2795DD55005F7EE2 /* Assets.xcassets */ = {isa = PBXFileReference; lastKnownFileType = folder.assetcatalog; name = Assets.xcassets; path = spotlight/Assets.xcassets; sourceTree = SOURCE_ROOT; };
		227A2DA42795FAD5005F7EE2 /* Protocols.swift */ = {isa = PBXFileReference; lastKnownFileType = sourcecode.swift; path = Protocols.swift; sourceTree = "<group>"; };
		229F559E26E5288D00D10B36 /* NetworkManager.swift */ = {isa = PBXFileReference; fileEncoding = 4; lastKnownFileType = sourcecode.swift; path = NetworkManager.swift; sourceTree = "<group>"; };
		229F561026E52EFC00D10B36 /* Models.swift */ = {isa = PBXFileReference; fileEncoding = 4; lastKnownFileType = sourcecode.swift; path = Models.swift; sourceTree = "<group>"; };
		229F561626E5300000D10B36 /* profileData.json */ = {isa = PBXFileReference; fileEncoding = 4; lastKnownFileType = text.json; path = profileData.json; sourceTree = "<group>"; };
		229F561726E5300000D10B36 /* AlbumDetail.json */ = {isa = PBXFileReference; fileEncoding = 4; lastKnownFileType = text.json; path = AlbumDetail.json; sourceTree = "<group>"; };
		229F561826E5300000D10B36 /* catalog.json */ = {isa = PBXFileReference; fileEncoding = 4; lastKnownFileType = text.json; path = catalog.json; sourceTree = "<group>"; };
		229F561926E5300000D10B36 /* overview.json */ = {isa = PBXFileReference; fileEncoding = 4; lastKnownFileType = text.json; path = overview.json; sourceTree = "<group>"; };
		22ABF28E2789F78200D0F65F /* TrackOptionsViewController.swift */ = {isa = PBXFileReference; lastKnownFileType = sourcecode.swift; path = TrackOptionsViewController.swift; sourceTree = "<group>"; };
		22B49447279DC547003EAFCB /* DetailViewController.swift */ = {isa = PBXFileReference; lastKnownFileType = sourcecode.swift; path = DetailViewController.swift; sourceTree = "<group>"; };
		22B49449279EAF15003EAFCB /* ProfileViewController.swift */ = {isa = PBXFileReference; lastKnownFileType = sourcecode.swift; path = ProfileViewController.swift; sourceTree = "<group>"; };
		22FAAF422732D6D20021F67C /* AudioManager.swift */ = {isa = PBXFileReference; lastKnownFileType = sourcecode.swift; path = AudioManager.swift; sourceTree = "<group>"; };
		D942193F26DC7F6E00F1DC78 /* spotlightTests.swift */ = {isa = PBXFileReference; fileEncoding = 4; lastKnownFileType = sourcecode.swift; path = spotlightTests.swift; sourceTree = "<group>"; };
		D942194026DC7F6E00F1DC78 /* Info.plist */ = {isa = PBXFileReference; fileEncoding = 4; lastKnownFileType = text.plist.xml; path = Info.plist; sourceTree = "<group>"; };
		D942194926DC7FB500F1DC78 /* Info.plist */ = {isa = PBXFileReference; fileEncoding = 4; lastKnownFileType = text.plist.xml; path = Info.plist; sourceTree = "<group>"; };
		D942194A26DC7FB500F1DC78 /* spotlightUITests.swift */ = {isa = PBXFileReference; fileEncoding = 4; lastKnownFileType = sourcecode.swift; path = spotlightUITests.swift; sourceTree = "<group>"; };
		D99178202677DEA100961969 /* spotlight.app */ = {isa = PBXFileReference; explicitFileType = wrapper.application; includeInIndex = 0; path = spotlight.app; sourceTree = BUILT_PRODUCTS_DIR; };
		D99178312677DEA600961969 /* Info.plist */ = {isa = PBXFileReference; lastKnownFileType = text.plist.xml; path = Info.plist; sourceTree = "<group>"; };
		D99178362677DEA600961969 /* spotlightTests.xctest */ = {isa = PBXFileReference; explicitFileType = wrapper.cfbundle; includeInIndex = 0; path = spotlightTests.xctest; sourceTree = BUILT_PRODUCTS_DIR; };
		D99178412677DEA700961969 /* spotlightUITests.xctest */ = {isa = PBXFileReference; explicitFileType = wrapper.cfbundle; includeInIndex = 0; path = spotlightUITests.xctest; sourceTree = BUILT_PRODUCTS_DIR; };
/* End PBXFileReference section */

/* Begin PBXFrameworksBuildPhase section */
		D991781D2677DEA100961969 /* Frameworks */ = {
			isa = PBXFrameworksBuildPhase;
			buildActionMask = 2147483647;
			files = (
			);
			runOnlyForDeploymentPostprocessing = 0;
		};
		D99178332677DEA600961969 /* Frameworks */ = {
			isa = PBXFrameworksBuildPhase;
			buildActionMask = 2147483647;
			files = (
			);
			runOnlyForDeploymentPostprocessing = 0;
		};
		D991783E2677DEA700961969 /* Frameworks */ = {
			isa = PBXFrameworksBuildPhase;
			buildActionMask = 2147483647;
			files = (
			);
			runOnlyForDeploymentPostprocessing = 0;
		};
/* End PBXFrameworksBuildPhase section */

/* Begin PBXGroup section */
		222E8BBC277538B10016C62F /* View */ = {
			isa = PBXGroup;
			children = (
				222E8BBD277538B10016C62F /* Cells.swift */,
				22B49447279DC547003EAFCB /* DetailViewController.swift */,
				22B49449279EAF15003EAFCB /* ProfileViewController.swift */,
				222E8BBE277538B10016C62F /* SearchViewController.swift */,
				222E8BBF277538B10016C62F /* Library.swift */,
				222E8BC0277538B10016C62F /* MusicViewController.swift */,
				222E8BD1277538B10016C62F /* HomeVc.swift */,
				222E8BD2277538B10016C62F /* LoginViewController.swift */,
				222E8BD3277538B10016C62F /* VideoViewController.swift */,
				222E8BD4277538B10016C62F /* components.swift */,
				222E8BC1277538B10016C62F /* SubViews */,
			);
			name = View;
			path = Model/View;
			sourceTree = "<group>";
		};
		222E8BC1277538B10016C62F /* SubViews */ = {
			isa = PBXGroup;
			children = (
				222E8BC2277538B10016C62F /* Settings */,
				222E8BCA277538B10016C62F /* TrackQueueListViewController.swift */,
				222E8BCB277538B10016C62F /* PlayerViewController.swift */,
				222E8BCC277538B10016C62F /* SearchResultViewController.swift */,
				222E8BCD277538B10016C62F /* TrackHistoryViewController.swift */,
				222E8BCE277538B10016C62F /* ArtistProfileVc.swift */,
				222E8BCF277538B10016C62F /* ReleasesVc.swift */,
				222E8BD0277538B10016C62F /* OverViewController.swift */,
				22ABF28E2789F78200D0F65F /* TrackOptionsViewController.swift */,
			);
			path = SubViews;
			sourceTree = "<group>";
		};
		222E8BC2277538B10016C62F /* Settings */ = {
			isa = PBXGroup;
			children = (
				222E8BC3277538B10016C62F /* aboutVc.swift */,
				222E8BC4277538B10016C62F /* NotificationSettingsVc.swift */,
				222E8BC5277538B10016C62F /* SecuritySettingsVc.swift */,
				222E8BC6277538B10016C62F /* AccountSettingsVc.swift */,
				222E8BC7277538B10016C62F /* PrivacySettingsVc.swift */,
				222E8BC8277538B10016C62F /* WalletSettingsVc.swift */,
				222E8BC9277538B10016C62F /* SettingsViewController.swift */,
			);
			path = Settings;
			sourceTree = "<group>";
		};
		225314F726E5241300D1F496 /* Controller */ = {
			isa = PBXGroup;
			children = (
				229F559E26E5288D00D10B36 /* NetworkManager.swift */,
				22FAAF422732D6D20021F67C /* AudioManager.swift */,
			);
			path = Controller;
			sourceTree = "<group>";
		};
		229F55BC26E52E9900D10B36 /* Data */ = {
			isa = PBXGroup;
			children = (
				229F561726E5300000D10B36 /* AlbumDetail.json */,
				229F561826E5300000D10B36 /* catalog.json */,
				229F561926E5300000D10B36 /* overview.json */,
				229F561626E5300000D10B36 /* profileData.json */,
			);
			path = Data;
			sourceTree = "<group>";
		};
		229F55BE26E52E9900D10B36 /* Model */ = {
			isa = PBXGroup;
			children = (
				229F561026E52EFC00D10B36 /* Models.swift */,
			);
			path = Model;
			sourceTree = "<group>";
		};
		22D25BC727235F31007FB889 /* Utility */ = {
			isa = PBXGroup;
			children = (
				225314F826E5241300D1F496 /* UtilityFunctions.swift */,
				227A1B1B278A191A00314ED7 /* extensions.swift */,
				227A2DA42795FAD5005F7EE2 /* Protocols.swift */,
			);
			path = Utility;
			sourceTree = "<group>";
		};
		D99178172677DEA100961969 = {
			isa = PBXGroup;
			children = (
				D99178222677DEA100961969 /* spotlight */,
				D99178392677DEA600961969 /* spotlightTests */,
				D99178442677DEA700961969 /* spotlightUITests */,
				D99178212677DEA100961969 /* Products */,
			);
			sourceTree = "<group>";
		};
		D99178212677DEA100961969 /* Products */ = {
			isa = PBXGroup;
			children = (
				D99178202677DEA100961969 /* spotlight.app */,
				D99178362677DEA600961969 /* spotlightTests.xctest */,
				D99178412677DEA700961969 /* spotlightUITests.xctest */,
			);
			name = Products;
			sourceTree = "<group>";
		};
		D99178222677DEA100961969 /* spotlight */ = {
			isa = PBXGroup;
			children = (
				222E8BBC277538B10016C62F /* View */,
				229F55BE26E52E9900D10B36 /* Model */,
				22D25BC727235F31007FB889 /* Utility */,
				229F55BC26E52E9900D10B36 /* Data */,
				225314F726E5241300D1F496 /* Controller */,
				2253148926E523EE00D1F496 /* AppDelegate.swift */,
				225314AB26E523EF00D1F496 /* bundle-decodable.swift */,
				225314AE26E523EF00D1F496 /* SceneDelegate.swift */,
				227A2D9E2795DD55005F7EE2 /* Assets.xcassets */,
				D99178312677DEA600961969 /* Info.plist */,
			);
			path = spotlight;
			sourceTree = "<group>";
		};
		D99178392677DEA600961969 /* spotlightTests */ = {
			isa = PBXGroup;
			children = (
				D942194026DC7F6E00F1DC78 /* Info.plist */,
				D942193F26DC7F6E00F1DC78 /* spotlightTests.swift */,
			);
			path = spotlightTests;
			sourceTree = "<group>";
		};
		D99178442677DEA700961969 /* spotlightUITests */ = {
			isa = PBXGroup;
			children = (
				D942194926DC7FB500F1DC78 /* Info.plist */,
				D942194A26DC7FB500F1DC78 /* spotlightUITests.swift */,
			);
			path = spotlightUITests;
			sourceTree = "<group>";
		};
/* End PBXGroup section */

/* Begin PBXNativeTarget section */
		D991781F2677DEA100961969 /* spotlight */ = {
			isa = PBXNativeTarget;
			buildConfigurationList = D991784A2677DEA700961969 /* Build configuration list for PBXNativeTarget "spotlight" */;
			buildPhases = (
				D991781C2677DEA100961969 /* Sources */,
				D991781D2677DEA100961969 /* Frameworks */,
				D991781E2677DEA100961969 /* Resources */,
			);
			buildRules = (
			);
			dependencies = (
			);
			name = spotlight;
			productName = spotlight;
			productReference = D99178202677DEA100961969 /* spotlight.app */;
			productType = "com.apple.product-type.application";
		};
		D99178352677DEA600961969 /* spotlightTests */ = {
			isa = PBXNativeTarget;
			buildConfigurationList = D991784D2677DEA700961969 /* Build configuration list for PBXNativeTarget "spotlightTests" */;
			buildPhases = (
				D99178322677DEA600961969 /* Sources */,
				D99178332677DEA600961969 /* Frameworks */,
				D99178342677DEA600961969 /* Resources */,
			);
			buildRules = (
			);
			dependencies = (
				D99178382677DEA600961969 /* PBXTargetDependency */,
			);
			name = spotlightTests;
			productName = spotlightTests;
			productReference = D99178362677DEA600961969 /* spotlightTests.xctest */;
			productType = "com.apple.product-type.bundle.unit-test";
		};
		D99178402677DEA700961969 /* spotlightUITests */ = {
			isa = PBXNativeTarget;
			buildConfigurationList = D99178502677DEA700961969 /* Build configuration list for PBXNativeTarget "spotlightUITests" */;
			buildPhases = (
				D991783D2677DEA700961969 /* Sources */,
				D991783E2677DEA700961969 /* Frameworks */,
				D991783F2677DEA700961969 /* Resources */,
			);
			buildRules = (
			);
			dependencies = (
				D99178432677DEA700961969 /* PBXTargetDependency */,
			);
			name = spotlightUITests;
			productName = spotlightUITests;
			productReference = D99178412677DEA700961969 /* spotlightUITests.xctest */;
			productType = "com.apple.product-type.bundle.ui-testing";
		};
/* End PBXNativeTarget section */

/* Begin PBXProject section */
		D99178182677DEA100961969 /* Project object */ = {
			isa = PBXProject;
			attributes = {
				LastSwiftUpdateCheck = 1240;
				LastUpgradeCheck = 1310;
				TargetAttributes = {
					D991781F2677DEA100961969 = {
						CreatedOnToolsVersion = 12.4;
						LastSwiftMigration = 1250;
					};
					D99178352677DEA600961969 = {
						CreatedOnToolsVersion = 12.4;
						TestTargetID = D991781F2677DEA100961969;
					};
					D99178402677DEA700961969 = {
						CreatedOnToolsVersion = 12.4;
						TestTargetID = D991781F2677DEA100961969;
					};
				};
			};
			buildConfigurationList = D991781B2677DEA100961969 /* Build configuration list for PBXProject "spotlight" */;
			compatibilityVersion = "Xcode 9.3";
			developmentRegion = en;
			hasScannedForEncodings = 0;
			knownRegions = (
				en,
				Base,
			);
			mainGroup = D99178172677DEA100961969;
			productRefGroup = D99178212677DEA100961969 /* Products */;
			projectDirPath = "";
			projectRoot = "";
			targets = (
				D991781F2677DEA100961969 /* spotlight */,
				D99178352677DEA600961969 /* spotlightTests */,
				D99178402677DEA700961969 /* spotlightUITests */,
			);
		};
/* End PBXProject section */

/* Begin PBXResourcesBuildPhase section */
		D991781E2677DEA100961969 /* Resources */ = {
			isa = PBXResourcesBuildPhase;
			buildActionMask = 2147483647;
			files = (
				229F561C26E5300000D10B36 /* catalog.json in Resources */,
				229F561A26E5300000D10B36 /* profileData.json in Resources */,
				229F561B26E5300000D10B36 /* AlbumDetail.json in Resources */,
				229F561D26E5300000D10B36 /* overview.json in Resources */,
				227A2D9F2795DD56005F7EE2 /* Assets.xcassets in Resources */,
			);
			runOnlyForDeploymentPostprocessing = 0;
		};
		D99178342677DEA600961969 /* Resources */ = {
			isa = PBXResourcesBuildPhase;
			buildActionMask = 2147483647;
			files = (
			);
			runOnlyForDeploymentPostprocessing = 0;
		};
		D991783F2677DEA700961969 /* Resources */ = {
			isa = PBXResourcesBuildPhase;
			buildActionMask = 2147483647;
			files = (
			);
			runOnlyForDeploymentPostprocessing = 0;
		};
/* End PBXResourcesBuildPhase section */

/* Begin PBXSourcesBuildPhase section */
		D991781C2677DEA100961969 /* Sources */ = {
			isa = PBXSourcesBuildPhase;
			buildActionMask = 2147483647;
			files = (
				22B49448279DC547003EAFCB /* DetailViewController.swift in Sources */,
				222E8BE8277538B10016C62F /* LoginViewController.swift in Sources */,
				222E8BD9277538B10016C62F /* aboutVc.swift in Sources */,
				222E8BE2277538B10016C62F /* SearchResultViewController.swift in Sources */,
				229F561126E52EFC00D10B36 /* Models.swift in Sources */,
				222E8BE6277538B10016C62F /* OverViewController.swift in Sources */,
				222E8BD5277538B10016C62F /* Cells.swift in Sources */,
				222E8BDB277538B10016C62F /* SecuritySettingsVc.swift in Sources */,
				222E8BE4277538B10016C62F /* ArtistProfileVc.swift in Sources */,
				225314D326E523EF00D1F496 /* bundle-decodable.swift in Sources */,
				222E8BD6277538B10016C62F /* SearchViewController.swift in Sources */,
				22FAAF432732D6D20021F67C /* AudioManager.swift in Sources */,
				222E8BDC277538B10016C62F /* AccountSettingsVc.swift in Sources */,
				222E8BD8277538B10016C62F /* MusicViewController.swift in Sources */,
				222E8BE1277538B10016C62F /* PlayerViewController.swift in Sources */,
				22ABF28F2789F78300D0F65F /* TrackOptionsViewController.swift in Sources */,
				227A2DA52795FAD5005F7EE2 /* Protocols.swift in Sources */,
				222E8BEA277538B10016C62F /* components.swift in Sources */,
				225314B526E523EF00D1F496 /* AppDelegate.swift in Sources */,
				227A1B1C278A191B00314ED7 /* extensions.swift in Sources */,
				222E8BDD277538B10016C62F /* PrivacySettingsVc.swift in Sources */,
				222E8BDA277538B10016C62F /* NotificationSettingsVc.swift in Sources */,
				225314D626E523EF00D1F496 /* SceneDelegate.swift in Sources */,
				222E8BE5277538B10016C62F /* ReleasesVc.swift in Sources */,
				22B4944A279EAF16003EAFCB /* ProfileViewController.swift in Sources */,
				222E8BD7277538B10016C62F /* Library.swift in Sources */,
				222E8BE7277538B10016C62F /* HomeVc.swift in Sources */,
				222E8BE0277538B10016C62F /* TrackQueueListViewController.swift in Sources */,
				222E8BE9277538B10016C62F /* VideoViewController.swift in Sources */,
				229F559F26E5288D00D10B36 /* NetworkManager.swift in Sources */,
				225314FA26E5241300D1F496 /* UtilityFunctions.swift in Sources */,
				222E8BDE277538B10016C62F /* WalletSettingsVc.swift in Sources */,
				222E8BE3277538B10016C62F /* TrackHistoryViewController.swift in Sources */,
				222E8BDF277538B10016C62F /* SettingsViewController.swift in Sources */,
			);
			runOnlyForDeploymentPostprocessing = 0;
		};
		D99178322677DEA600961969 /* Sources */ = {
			isa = PBXSourcesBuildPhase;
			buildActionMask = 2147483647;
			files = (
				D942194126DC7F6E00F1DC78 /* spotlightTests.swift in Sources */,
			);
			runOnlyForDeploymentPostprocessing = 0;
		};
		D991783D2677DEA700961969 /* Sources */ = {
			isa = PBXSourcesBuildPhase;
			buildActionMask = 2147483647;
			files = (
				D942194C26DC7FB500F1DC78 /* spotlightUITests.swift in Sources */,
			);
			runOnlyForDeploymentPostprocessing = 0;
		};
/* End PBXSourcesBuildPhase section */

/* Begin PBXTargetDependency section */
		D99178382677DEA600961969 /* PBXTargetDependency */ = {
			isa = PBXTargetDependency;
			target = D991781F2677DEA100961969 /* spotlight */;
			targetProxy = D99178372677DEA600961969 /* PBXContainerItemProxy */;
		};
		D99178432677DEA700961969 /* PBXTargetDependency */ = {
			isa = PBXTargetDependency;
			target = D991781F2677DEA100961969 /* spotlight */;
			targetProxy = D99178422677DEA700961969 /* PBXContainerItemProxy */;
		};
/* End PBXTargetDependency section */

/* Begin XCBuildConfiguration section */
		D99178482677DEA700961969 /* Debug */ = {
			isa = XCBuildConfiguration;
			buildSettings = {
				ALWAYS_SEARCH_USER_PATHS = NO;
				CLANG_ANALYZER_NONNULL = YES;
				CLANG_ANALYZER_NUMBER_OBJECT_CONVERSION = YES_AGGRESSIVE;
				CLANG_CXX_LANGUAGE_STANDARD = "gnu++14";
				CLANG_CXX_LIBRARY = "libc++";
				CLANG_ENABLE_MODULES = YES;
				CLANG_ENABLE_OBJC_ARC = YES;
				CLANG_ENABLE_OBJC_WEAK = YES;
				CLANG_WARN_BLOCK_CAPTURE_AUTORELEASING = YES;
				CLANG_WARN_BOOL_CONVERSION = YES;
				CLANG_WARN_COMMA = YES;
				CLANG_WARN_CONSTANT_CONVERSION = YES;
				CLANG_WARN_DEPRECATED_OBJC_IMPLEMENTATIONS = YES;
				CLANG_WARN_DIRECT_OBJC_ISA_USAGE = YES_ERROR;
				CLANG_WARN_DOCUMENTATION_COMMENTS = YES;
				CLANG_WARN_EMPTY_BODY = YES;
				CLANG_WARN_ENUM_CONVERSION = YES;
				CLANG_WARN_INFINITE_RECURSION = YES;
				CLANG_WARN_INT_CONVERSION = YES;
				CLANG_WARN_NON_LITERAL_NULL_CONVERSION = YES;
				CLANG_WARN_OBJC_IMPLICIT_RETAIN_SELF = YES;
				CLANG_WARN_OBJC_LITERAL_CONVERSION = YES;
				CLANG_WARN_OBJC_ROOT_CLASS = YES_ERROR;
				CLANG_WARN_QUOTED_INCLUDE_IN_FRAMEWORK_HEADER = YES;
				CLANG_WARN_RANGE_LOOP_ANALYSIS = YES;
				CLANG_WARN_STRICT_PROTOTYPES = YES;
				CLANG_WARN_SUSPICIOUS_MOVE = YES;
				CLANG_WARN_UNGUARDED_AVAILABILITY = YES_AGGRESSIVE;
				CLANG_WARN_UNREACHABLE_CODE = YES;
				CLANG_WARN__DUPLICATE_METHOD_MATCH = YES;
				COPY_PHASE_STRIP = NO;
				DEBUG_INFORMATION_FORMAT = dwarf;
				ENABLE_STRICT_OBJC_MSGSEND = YES;
				ENABLE_TESTABILITY = YES;
				GCC_C_LANGUAGE_STANDARD = gnu11;
				GCC_DYNAMIC_NO_PIC = NO;
				GCC_NO_COMMON_BLOCKS = YES;
				GCC_OPTIMIZATION_LEVEL = 0;
				GCC_PREPROCESSOR_DEFINITIONS = (
					"DEBUG=1",
					"$(inherited)",
				);
				GCC_WARN_64_TO_32_BIT_CONVERSION = YES;
				GCC_WARN_ABOUT_RETURN_TYPE = YES_ERROR;
				GCC_WARN_UNDECLARED_SELECTOR = YES;
				GCC_WARN_UNINITIALIZED_AUTOS = YES_AGGRESSIVE;
				GCC_WARN_UNUSED_FUNCTION = YES;
				GCC_WARN_UNUSED_VARIABLE = YES;
				IPHONEOS_DEPLOYMENT_TARGET = 14.4;
				MTL_ENABLE_DEBUG_INFO = INCLUDE_SOURCE;
				MTL_FAST_MATH = YES;
				ONLY_ACTIVE_ARCH = YES;
				SDKROOT = iphoneos;
				SWIFT_ACTIVE_COMPILATION_CONDITIONS = DEBUG;
				SWIFT_OPTIMIZATION_LEVEL = "-Onone";
			};
			name = Debug;
		};
		D99178492677DEA700961969 /* Release */ = {
			isa = XCBuildConfiguration;
			buildSettings = {
				ALWAYS_SEARCH_USER_PATHS = NO;
				CLANG_ANALYZER_NONNULL = YES;
				CLANG_ANALYZER_NUMBER_OBJECT_CONVERSION = YES_AGGRESSIVE;
				CLANG_CXX_LANGUAGE_STANDARD = "gnu++14";
				CLANG_CXX_LIBRARY = "libc++";
				CLANG_ENABLE_MODULES = YES;
				CLANG_ENABLE_OBJC_ARC = YES;
				CLANG_ENABLE_OBJC_WEAK = YES;
				CLANG_WARN_BLOCK_CAPTURE_AUTORELEASING = YES;
				CLANG_WARN_BOOL_CONVERSION = YES;
				CLANG_WARN_COMMA = YES;
				CLANG_WARN_CONSTANT_CONVERSION = YES;
				CLANG_WARN_DEPRECATED_OBJC_IMPLEMENTATIONS = YES;
				CLANG_WARN_DIRECT_OBJC_ISA_USAGE = YES_ERROR;
				CLANG_WARN_DOCUMENTATION_COMMENTS = YES;
				CLANG_WARN_EMPTY_BODY = YES;
				CLANG_WARN_ENUM_CONVERSION = YES;
				CLANG_WARN_INFINITE_RECURSION = YES;
				CLANG_WARN_INT_CONVERSION = YES;
				CLANG_WARN_NON_LITERAL_NULL_CONVERSION = YES;
				CLANG_WARN_OBJC_IMPLICIT_RETAIN_SELF = YES;
				CLANG_WARN_OBJC_LITERAL_CONVERSION = YES;
				CLANG_WARN_OBJC_ROOT_CLASS = YES_ERROR;
				CLANG_WARN_QUOTED_INCLUDE_IN_FRAMEWORK_HEADER = YES;
				CLANG_WARN_RANGE_LOOP_ANALYSIS = YES;
				CLANG_WARN_STRICT_PROTOTYPES = YES;
				CLANG_WARN_SUSPICIOUS_MOVE = YES;
				CLANG_WARN_UNGUARDED_AVAILABILITY = YES_AGGRESSIVE;
				CLANG_WARN_UNREACHABLE_CODE = YES;
				CLANG_WARN__DUPLICATE_METHOD_MATCH = YES;
				COPY_PHASE_STRIP = NO;
				DEBUG_INFORMATION_FORMAT = "dwarf-with-dsym";
				ENABLE_NS_ASSERTIONS = NO;
				ENABLE_STRICT_OBJC_MSGSEND = YES;
				GCC_C_LANGUAGE_STANDARD = gnu11;
				GCC_NO_COMMON_BLOCKS = YES;
				GCC_WARN_64_TO_32_BIT_CONVERSION = YES;
				GCC_WARN_ABOUT_RETURN_TYPE = YES_ERROR;
				GCC_WARN_UNDECLARED_SELECTOR = YES;
				GCC_WARN_UNINITIALIZED_AUTOS = YES_AGGRESSIVE;
				GCC_WARN_UNUSED_FUNCTION = YES;
				GCC_WARN_UNUSED_VARIABLE = YES;
				IPHONEOS_DEPLOYMENT_TARGET = 14.4;
				MTL_ENABLE_DEBUG_INFO = NO;
				MTL_FAST_MATH = YES;
				SDKROOT = iphoneos;
				SWIFT_COMPILATION_MODE = wholemodule;
				SWIFT_OPTIMIZATION_LEVEL = "-O";
				VALIDATE_PRODUCT = YES;
			};
			name = Release;
		};
		D991784B2677DEA700961969 /* Debug */ = {
			isa = XCBuildConfiguration;
			buildSettings = {
				ASSETCATALOG_COMPILER_APPICON_NAME = AppIcon;
				ASSETCATALOG_COMPILER_GLOBAL_ACCENT_COLOR_NAME = AccentColor;
				CLANG_ENABLE_MODULES = YES;
				CODE_SIGN_STYLE = Automatic;
				DEVELOPMENT_TEAM = JR68HFY6D7;
				INFOPLIST_FILE = spotlight/Info.plist;
				LD_RUNPATH_SEARCH_PATHS = (
					"$(inherited)",
					"@executable_path/Frameworks",
				);
				PRODUCT_BUNDLE_IDENTIFIER = jukebox.spotlight;
				PRODUCT_NAME = "$(TARGET_NAME)";
				SWIFT_OPTIMIZATION_LEVEL = "-Onone";
				SWIFT_VERSION = 5.0;
				TARGETED_DEVICE_FAMILY = "1,2";
			};
			name = Debug;
		};
		D991784C2677DEA700961969 /* Release */ = {
			isa = XCBuildConfiguration;
			buildSettings = {
				ASSETCATALOG_COMPILER_APPICON_NAME = AppIcon;
				ASSETCATALOG_COMPILER_GLOBAL_ACCENT_COLOR_NAME = AccentColor;
				CLANG_ENABLE_MODULES = YES;
				CODE_SIGN_STYLE = Automatic;
				DEVELOPMENT_TEAM = JR68HFY6D7;
				INFOPLIST_FILE = spotlight/Info.plist;
				LD_RUNPATH_SEARCH_PATHS = (
					"$(inherited)",
					"@executable_path/Frameworks",
				);
				PRODUCT_BUNDLE_IDENTIFIER = jukebox.spotlight;
				PRODUCT_NAME = "$(TARGET_NAME)";
				SWIFT_VERSION = 5.0;
				TARGETED_DEVICE_FAMILY = "1,2";
			};
			name = Release;
		};
		D991784E2677DEA700961969 /* Debug */ = {
			isa = XCBuildConfiguration;
			buildSettings = {
				ALWAYS_EMBED_SWIFT_STANDARD_LIBRARIES = YES;
				BUNDLE_LOADER = "$(TEST_HOST)";
				CODE_SIGN_STYLE = Automatic;
				DEVELOPMENT_TEAM = JR68HFY6D7;
				INFOPLIST_FILE = spotlightTests/Info.plist;
				IPHONEOS_DEPLOYMENT_TARGET = 14.4;
				LD_RUNPATH_SEARCH_PATHS = (
					"$(inherited)",
					"@executable_path/Frameworks",
					"@loader_path/Frameworks",
				);
				PRODUCT_BUNDLE_IDENTIFIER = jukebox.spotlightTests;
				PRODUCT_NAME = "$(TARGET_NAME)";
				SWIFT_VERSION = 5.0;
				TARGETED_DEVICE_FAMILY = "1,2";
				TEST_HOST = "$(BUILT_PRODUCTS_DIR)/spotlight.app/spotlight";
			};
			name = Debug;
		};
		D991784F2677DEA700961969 /* Release */ = {
			isa = XCBuildConfiguration;
			buildSettings = {
				ALWAYS_EMBED_SWIFT_STANDARD_LIBRARIES = YES;
				BUNDLE_LOADER = "$(TEST_HOST)";
				CODE_SIGN_STYLE = Automatic;
				DEVELOPMENT_TEAM = JR68HFY6D7;
				INFOPLIST_FILE = spotlightTests/Info.plist;
				IPHONEOS_DEPLOYMENT_TARGET = 14.4;
				LD_RUNPATH_SEARCH_PATHS = (
					"$(inherited)",
					"@executable_path/Frameworks",
					"@loader_path/Frameworks",
				);
				PRODUCT_BUNDLE_IDENTIFIER = jukebox.spotlightTests;
				PRODUCT_NAME = "$(TARGET_NAME)";
				SWIFT_VERSION = 5.0;
				TARGETED_DEVICE_FAMILY = "1,2";
				TEST_HOST = "$(BUILT_PRODUCTS_DIR)/spotlight.app/spotlight";
			};
			name = Release;
		};
		D99178512677DEA700961969 /* Debug */ = {
			isa = XCBuildConfiguration;
			buildSettings = {
				ALWAYS_EMBED_SWIFT_STANDARD_LIBRARIES = YES;
				CODE_SIGN_STYLE = Automatic;
				DEVELOPMENT_TEAM = JR68HFY6D7;
				INFOPLIST_FILE = spotlightUITests/Info.plist;
				LD_RUNPATH_SEARCH_PATHS = (
					"$(inherited)",
					"@executable_path/Frameworks",
					"@loader_path/Frameworks",
				);
				PRODUCT_BUNDLE_IDENTIFIER = jukebox.spotlightUITests;
				PRODUCT_NAME = "$(TARGET_NAME)";
				SWIFT_VERSION = 5.0;
				TARGETED_DEVICE_FAMILY = "1,2";
				TEST_TARGET_NAME = spotlight;
			};
			name = Debug;
		};
		D99178522677DEA700961969 /* Release */ = {
			isa = XCBuildConfiguration;
			buildSettings = {
				ALWAYS_EMBED_SWIFT_STANDARD_LIBRARIES = YES;
				CODE_SIGN_STYLE = Automatic;
				DEVELOPMENT_TEAM = JR68HFY6D7;
				INFOPLIST_FILE = spotlightUITests/Info.plist;
				LD_RUNPATH_SEARCH_PATHS = (
					"$(inherited)",
					"@executable_path/Frameworks",
					"@loader_path/Frameworks",
				);
				PRODUCT_BUNDLE_IDENTIFIER = jukebox.spotlightUITests;
				PRODUCT_NAME = "$(TARGET_NAME)";
				SWIFT_VERSION = 5.0;
				TARGETED_DEVICE_FAMILY = "1,2";
				TEST_TARGET_NAME = spotlight;
			};
			name = Release;
		};
/* End XCBuildConfiguration section */

/* Begin XCConfigurationList section */
		D991781B2677DEA100961969 /* Build configuration list for PBXProject "spotlight" */ = {
			isa = XCConfigurationList;
			buildConfigurations = (
				D99178482677DEA700961969 /* Debug */,
				D99178492677DEA700961969 /* Release */,
			);
			defaultConfigurationIsVisible = 0;
			defaultConfigurationName = Release;
		};
		D991784A2677DEA700961969 /* Build configuration list for PBXNativeTarget "spotlight" */ = {
			isa = XCConfigurationList;
			buildConfigurations = (
				D991784B2677DEA700961969 /* Debug */,
				D991784C2677DEA700961969 /* Release */,
			);
			defaultConfigurationIsVisible = 0;
			defaultConfigurationName = Release;
		};
		D991784D2677DEA700961969 /* Build configuration list for PBXNativeTarget "spotlightTests" */ = {
			isa = XCConfigurationList;
			buildConfigurations = (
				D991784E2677DEA700961969 /* Debug */,
				D991784F2677DEA700961969 /* Release */,
			);
			defaultConfigurationIsVisible = 0;
			defaultConfigurationName = Release;
		};
		D99178502677DEA700961969 /* Build configuration list for PBXNativeTarget "spotlightUITests" */ = {
			isa = XCConfigurationList;
			buildConfigurations = (
				D99178512677DEA700961969 /* Debug */,
				D99178522677DEA700961969 /* Release */,
			);
			defaultConfigurationIsVisible = 0;
			defaultConfigurationName = Release;
		};
/* End XCConfigurationList section */
	};
	rootObject = D99178182677DEA100961969 /* Project object */;
}
