// !$*UTF8*$!
{
	archiveVersion = 1;
	classes = {
	};
	objectVersion = 50;
	objects = {

/* Begin PBXBuildFile section */
		D9142FD326A74A73007D2CAE /* PlayerViewController.swift in Sources */ = {isa = PBXBuildFile; fileRef = D9142FD226A74A72007D2CAE /* PlayerViewController.swift */; };
		D9142FE126A75ECE007D2CAE /* bundle-decodable.swift in Sources */ = {isa = PBXBuildFile; fileRef = D9142FE026A75ECE007D2CAE /* bundle-decodable.swift */; };
		D9142FEC26AB646B007D2CAE /* NetworkManager.swift in Sources */ = {isa = PBXBuildFile; fileRef = D9142FEB26AB646B007D2CAE /* NetworkManager.swift */; };
		D920320626941A0100FFFD2D /* TrackStripCell.swift in Sources */ = {isa = PBXBuildFile; fileRef = D920320526941A0100FFFD2D /* TrackStripCell.swift */; };
		D920320E2694F0DE00FFFD2D /* Models.swift in Sources */ = {isa = PBXBuildFile; fileRef = D920320D2694F0DE00FFFD2D /* Models.swift */; };
		D92032162695483400FFFD2D /* ProfileViewController.swift in Sources */ = {isa = PBXBuildFile; fileRef = D92032152695483400FFFD2D /* ProfileViewController.swift */; };
		D920321E2695493500FFFD2D /* DiscoverVc.swift in Sources */ = {isa = PBXBuildFile; fileRef = D920321D2695493500FFFD2D /* DiscoverVc.swift */; };
		D922ABC326C865F600610D88 /* CollectionViewCells.swift in Sources */ = {isa = PBXBuildFile; fileRef = D922ABC226C865F600610D88 /* CollectionViewCells.swift */; };
		D922ABCB26CCB6BF00610D88 /* catalog.json in Resources */ = {isa = PBXBuildFile; fileRef = D922ABCA26CCB6BF00610D88 /* catalog.json */; };
		D94218F926DC4E1500F1DC78 /* ArtistProfileViewController.swift in Sources */ = {isa = PBXBuildFile; fileRef = D94218F826DC4E1500F1DC78 /* ArtistProfileViewController.swift */; };
		D942194126DC7F6E00F1DC78 /* spotlightTests.swift in Sources */ = {isa = PBXBuildFile; fileRef = D942193F26DC7F6E00F1DC78 /* spotlightTests.swift */; };
		D942194226DC7F6E00F1DC78 /* Info.plist in Resources */ = {isa = PBXBuildFile; fileRef = D942194026DC7F6E00F1DC78 /* Info.plist */; };
		D942194B26DC7FB500F1DC78 /* Info.plist in Resources */ = {isa = PBXBuildFile; fileRef = D942194926DC7FB500F1DC78 /* Info.plist */; };
		D942194C26DC7FB500F1DC78 /* spotlightUITests.swift in Sources */ = {isa = PBXBuildFile; fileRef = D942194A26DC7FB500F1DC78 /* spotlightUITests.swift */; };
		D9589668267D43F800026E65 /* TestViewController.swift in Sources */ = {isa = PBXBuildFile; fileRef = D9589667267D43F800026E65 /* TestViewController.swift */; };
		D958966D267D746F00026E65 /* components.swift in Sources */ = {isa = PBXBuildFile; fileRef = D958966C267D746F00026E65 /* components.swift */; };
		D961AE1F26D1F9BA00275B3D /* playerQueue.json in Resources */ = {isa = PBXBuildFile; fileRef = D961AE1E26D1F9B900275B3D /* playerQueue.json */; };
		D961AE3126D2E02A00275B3D /* OverViewController.swift in Sources */ = {isa = PBXBuildFile; fileRef = D961AE3026D2E02A00275B3D /* OverViewController.swift */; };
		D961AE3626D2E2B500275B3D /* overview.json in Resources */ = {isa = PBXBuildFile; fileRef = D961AE3526D2E2B500275B3D /* overview.json */; };
		D961AE4126D5DA1200275B3D /* AlbumOverviewController.swift in Sources */ = {isa = PBXBuildFile; fileRef = D961AE4026D5DA1200275B3D /* AlbumOverviewController.swift */; };
		D961AE4626D5DABD00275B3D /* AlbumDetail.json in Resources */ = {isa = PBXBuildFile; fileRef = D961AE4526D5DABC00275B3D /* AlbumDetail.json */; };
		D96EA2DF26868E7000A6C691 /* LoginViewController.swift in Sources */ = {isa = PBXBuildFile; fileRef = D96EA2DE26868E7000A6C691 /* LoginViewController.swift */; };
		D96EA2E426868E8500A6C691 /* RegisterViewController.swift in Sources */ = {isa = PBXBuildFile; fileRef = D96EA2E326868E8500A6C691 /* RegisterViewController.swift */; };
		D96EA2E926868F9B00A6C691 /* TrackOverviewController.swift in Sources */ = {isa = PBXBuildFile; fileRef = D96EA2E826868F9B00A6C691 /* TrackOverviewController.swift */; };
		D96EA2EE2688E7D500A6C691 /* SettingsViewController.swift in Sources */ = {isa = PBXBuildFile; fileRef = D96EA2ED2688E7D500A6C691 /* SettingsViewController.swift */; };
		D96EA2F32688EAB700A6C691 /* TrackHistoryViewController.swift in Sources */ = {isa = PBXBuildFile; fileRef = D96EA2F22688EAB700A6C691 /* TrackHistoryViewController.swift */; };
		D96EA2F9268AB88800A6C691 /* ArtistScrollCell.swift in Sources */ = {isa = PBXBuildFile; fileRef = D96EA2F8268AB88800A6C691 /* ArtistScrollCell.swift */; };
		D96EA304268BF4CC00A6C691 /* HomeViewController.swift in Sources */ = {isa = PBXBuildFile; fileRef = D96EA303268BF4CC00A6C691 /* HomeViewController.swift */; };
		D96EA309268BF62D00A6C691 /* HeaderTableViewCell.swift in Sources */ = {isa = PBXBuildFile; fileRef = D96EA308268BF62D00A6C691 /* HeaderTableViewCell.swift */; };
		D96EA30E268C064300A6C691 /* TrackHistoryScrollTableViewCell.swift in Sources */ = {isa = PBXBuildFile; fileRef = D96EA30D268C064300A6C691 /* TrackHistoryScrollTableViewCell.swift */; };
		D96EA313268C08BF00A6C691 /* GenreCell.swift in Sources */ = {isa = PBXBuildFile; fileRef = D96EA312268C08BF00A6C691 /* GenreCell.swift */; };
		D96EA318268C08D500A6C691 /* DiscoverCell.swift in Sources */ = {isa = PBXBuildFile; fileRef = D96EA317268C08D500A6C691 /* DiscoverCell.swift */; };
		D96EA31D268C101F00A6C691 /* PlaylistCell.swift in Sources */ = {isa = PBXBuildFile; fileRef = D96EA31C268C101F00A6C691 /* PlaylistCell.swift */; };
		D98629FB26900C30006EA015 /* UtilityFunctions.swift in Sources */ = {isa = PBXBuildFile; fileRef = D98629FA26900C30006EA015 /* UtilityFunctions.swift */; };
		D99178242677DEA100961969 /* AppDelegate.swift in Sources */ = {isa = PBXBuildFile; fileRef = D99178232677DEA100961969 /* AppDelegate.swift */; };
		D99178262677DEA100961969 /* SceneDelegate.swift in Sources */ = {isa = PBXBuildFile; fileRef = D99178252677DEA100961969 /* SceneDelegate.swift */; };
		D99178282677DEA100961969 /* ViewController.swift in Sources */ = {isa = PBXBuildFile; fileRef = D99178272677DEA100961969 /* ViewController.swift */; };
		D991782D2677DEA600961969 /* Assets.xcassets in Resources */ = {isa = PBXBuildFile; fileRef = D991782C2677DEA600961969 /* Assets.xcassets */; };
		D99178302677DEA600961969 /* LaunchScreen.storyboard in Resources */ = {isa = PBXBuildFile; fileRef = D991782E2677DEA600961969 /* LaunchScreen.storyboard */; };
		D9E1EFAE268EB81D00D1461F /* ArtistProfileVc.swift in Sources */ = {isa = PBXBuildFile; fileRef = D9E1EFAD268EB81D00D1461F /* ArtistProfileVc.swift */; };
		D9E1EFB3268EB8D300D1461F /* ReleasesVc.swift in Sources */ = {isa = PBXBuildFile; fileRef = D9E1EFB2268EB8D300D1461F /* ReleasesVc.swift */; };
/* End PBXBuildFile section */

/* Begin PBXContainerItemProxy section */
		D99178372677DEA600961969 /* PBXContainerItemProxy */ = {
			isa = PBXContainerItemProxy;
			containerPortal = D99178182677DEA100961969 /* Project object */;
			proxyType = 1;
			remoteGlobalIDString = D991781F2677DEA100961969;
			remoteInfo = spotlight;
		};
		D99178422677DEA700961969 /* PBXContainerItemProxy */ = {
			isa = PBXContainerItemProxy;
			containerPortal = D99178182677DEA100961969 /* Project object */;
			proxyType = 1;
			remoteGlobalIDString = D991781F2677DEA100961969;
			remoteInfo = spotlight;
		};
/* End PBXContainerItemProxy section */

/* Begin PBXFileReference section */
		D9142FD226A74A72007D2CAE /* PlayerViewController.swift */ = {isa = PBXFileReference; lastKnownFileType = sourcecode.swift; path = PlayerViewController.swift; sourceTree = "<group>"; };
		D9142FE026A75ECE007D2CAE /* bundle-decodable.swift */ = {isa = PBXFileReference; lastKnownFileType = sourcecode.swift; path = "bundle-decodable.swift"; sourceTree = "<group>"; };
		D9142FEB26AB646B007D2CAE /* NetworkManager.swift */ = {isa = PBXFileReference; lastKnownFileType = sourcecode.swift; path = NetworkManager.swift; sourceTree = "<group>"; };
		D920320526941A0100FFFD2D /* TrackStripCell.swift */ = {isa = PBXFileReference; lastKnownFileType = sourcecode.swift; path = TrackStripCell.swift; sourceTree = "<group>"; };
		D920320D2694F0DE00FFFD2D /* Models.swift */ = {isa = PBXFileReference; lastKnownFileType = sourcecode.swift; path = Models.swift; sourceTree = "<group>"; };
		D92032152695483400FFFD2D /* ProfileViewController.swift */ = {isa = PBXFileReference; lastKnownFileType = sourcecode.swift; path = ProfileViewController.swift; sourceTree = "<group>"; };
		D920321D2695493500FFFD2D /* DiscoverVc.swift */ = {isa = PBXFileReference; lastKnownFileType = sourcecode.swift; path = DiscoverVc.swift; sourceTree = "<group>"; };
		D922ABC226C865F600610D88 /* CollectionViewCells.swift */ = {isa = PBXFileReference; lastKnownFileType = sourcecode.swift; path = CollectionViewCells.swift; sourceTree = "<group>"; };
		D922ABCA26CCB6BF00610D88 /* catalog.json */ = {isa = PBXFileReference; lastKnownFileType = text.json; path = catalog.json; sourceTree = "<group>"; };
		D94218F826DC4E1500F1DC78 /* ArtistProfileViewController.swift */ = {isa = PBXFileReference; lastKnownFileType = sourcecode.swift; path = ArtistProfileViewController.swift; sourceTree = "<group>"; };
		D942193F26DC7F6E00F1DC78 /* spotlightTests.swift */ = {isa = PBXFileReference; fileEncoding = 4; lastKnownFileType = sourcecode.swift; path = spotlightTests.swift; sourceTree = "<group>"; };
		D942194026DC7F6E00F1DC78 /* Info.plist */ = {isa = PBXFileReference; fileEncoding = 4; lastKnownFileType = text.plist.xml; path = Info.plist; sourceTree = "<group>"; };
		D942194926DC7FB500F1DC78 /* Info.plist */ = {isa = PBXFileReference; fileEncoding = 4; lastKnownFileType = text.plist.xml; path = Info.plist; sourceTree = "<group>"; };
		D942194A26DC7FB500F1DC78 /* spotlightUITests.swift */ = {isa = PBXFileReference; fileEncoding = 4; lastKnownFileType = sourcecode.swift; path = spotlightUITests.swift; sourceTree = "<group>"; };
		D9589667267D43F800026E65 /* TestViewController.swift */ = {isa = PBXFileReference; lastKnownFileType = sourcecode.swift; path = TestViewController.swift; sourceTree = "<group>"; };
		D958966C267D746F00026E65 /* components.swift */ = {isa = PBXFileReference; lastKnownFileType = sourcecode.swift; path = components.swift; sourceTree = "<group>"; };
		D961AE1E26D1F9B900275B3D /* playerQueue.json */ = {isa = PBXFileReference; lastKnownFileType = text.json; path = playerQueue.json; sourceTree = "<group>"; };
		D961AE3026D2E02A00275B3D /* OverViewController.swift */ = {isa = PBXFileReference; lastKnownFileType = sourcecode.swift; path = OverViewController.swift; sourceTree = "<group>"; };
		D961AE3526D2E2B500275B3D /* overview.json */ = {isa = PBXFileReference; lastKnownFileType = text.json; path = overview.json; sourceTree = "<group>"; };
		D961AE4026D5DA1200275B3D /* AlbumOverviewController.swift */ = {isa = PBXFileReference; lastKnownFileType = sourcecode.swift; path = AlbumOverviewController.swift; sourceTree = "<group>"; };
		D961AE4526D5DABC00275B3D /* AlbumDetail.json */ = {isa = PBXFileReference; lastKnownFileType = text.json; path = AlbumDetail.json; sourceTree = "<group>"; };
		D96EA2DE26868E7000A6C691 /* LoginViewController.swift */ = {isa = PBXFileReference; lastKnownFileType = sourcecode.swift; path = LoginViewController.swift; sourceTree = "<group>"; };
		D96EA2E326868E8500A6C691 /* RegisterViewController.swift */ = {isa = PBXFileReference; lastKnownFileType = sourcecode.swift; path = RegisterViewController.swift; sourceTree = "<group>"; };
		D96EA2E826868F9B00A6C691 /* TrackOverviewController.swift */ = {isa = PBXFileReference; lastKnownFileType = sourcecode.swift; path = TrackOverviewController.swift; sourceTree = "<group>"; };
		D96EA2ED2688E7D500A6C691 /* SettingsViewController.swift */ = {isa = PBXFileReference; lastKnownFileType = sourcecode.swift; path = SettingsViewController.swift; sourceTree = "<group>"; };
		D96EA2F22688EAB700A6C691 /* TrackHistoryViewController.swift */ = {isa = PBXFileReference; lastKnownFileType = sourcecode.swift; path = TrackHistoryViewController.swift; sourceTree = "<group>"; };
		D96EA2F8268AB88800A6C691 /* ArtistScrollCell.swift */ = {isa = PBXFileReference; lastKnownFileType = sourcecode.swift; path = ArtistScrollCell.swift; sourceTree = "<group>"; };
		D96EA303268BF4CC00A6C691 /* HomeViewController.swift */ = {isa = PBXFileReference; lastKnownFileType = sourcecode.swift; path = HomeViewController.swift; sourceTree = "<group>"; };
		D96EA308268BF62D00A6C691 /* HeaderTableViewCell.swift */ = {isa = PBXFileReference; lastKnownFileType = sourcecode.swift; path = HeaderTableViewCell.swift; sourceTree = "<group>"; };
		D96EA30D268C064300A6C691 /* TrackHistoryScrollTableViewCell.swift */ = {isa = PBXFileReference; lastKnownFileType = sourcecode.swift; path = TrackHistoryScrollTableViewCell.swift; sourceTree = "<group>"; };
		D96EA312268C08BF00A6C691 /* GenreCell.swift */ = {isa = PBXFileReference; lastKnownFileType = sourcecode.swift; path = GenreCell.swift; sourceTree = "<group>"; };
		D96EA317268C08D500A6C691 /* DiscoverCell.swift */ = {isa = PBXFileReference; lastKnownFileType = sourcecode.swift; path = DiscoverCell.swift; sourceTree = "<group>"; };
		D96EA31C268C101F00A6C691 /* PlaylistCell.swift */ = {isa = PBXFileReference; lastKnownFileType = sourcecode.swift; path = PlaylistCell.swift; sourceTree = "<group>"; };
		D98629FA26900C30006EA015 /* UtilityFunctions.swift */ = {isa = PBXFileReference; lastKnownFileType = sourcecode.swift; path = UtilityFunctions.swift; sourceTree = "<group>"; };
		D99178202677DEA100961969 /* spotlight.app */ = {isa = PBXFileReference; explicitFileType = wrapper.application; includeInIndex = 0; path = spotlight.app; sourceTree = BUILT_PRODUCTS_DIR; };
		D99178232677DEA100961969 /* AppDelegate.swift */ = {isa = PBXFileReference; lastKnownFileType = sourcecode.swift; path = AppDelegate.swift; sourceTree = "<group>"; };
		D99178252677DEA100961969 /* SceneDelegate.swift */ = {isa = PBXFileReference; lastKnownFileType = sourcecode.swift; path = SceneDelegate.swift; sourceTree = "<group>"; };
		D99178272677DEA100961969 /* ViewController.swift */ = {isa = PBXFileReference; lastKnownFileType = sourcecode.swift; path = ViewController.swift; sourceTree = "<group>"; };
		D991782C2677DEA600961969 /* Assets.xcassets */ = {isa = PBXFileReference; lastKnownFileType = folder.assetcatalog; path = Assets.xcassets; sourceTree = "<group>"; };
		D991782F2677DEA600961969 /* Base */ = {isa = PBXFileReference; lastKnownFileType = file.storyboard; name = Base; path = Base.lproj/LaunchScreen.storyboard; sourceTree = "<group>"; };
		D99178312677DEA600961969 /* Info.plist */ = {isa = PBXFileReference; lastKnownFileType = text.plist.xml; path = Info.plist; sourceTree = "<group>"; };
		D99178362677DEA600961969 /* spotlightTests.xctest */ = {isa = PBXFileReference; explicitFileType = wrapper.cfbundle; includeInIndex = 0; path = spotlightTests.xctest; sourceTree = BUILT_PRODUCTS_DIR; };
		D99178412677DEA700961969 /* spotlightUITests.xctest */ = {isa = PBXFileReference; explicitFileType = wrapper.cfbundle; includeInIndex = 0; path = spotlightUITests.xctest; sourceTree = BUILT_PRODUCTS_DIR; };
		D9E1EFAD268EB81D00D1461F /* ArtistProfileVc.swift */ = {isa = PBXFileReference; lastKnownFileType = sourcecode.swift; path = ArtistProfileVc.swift; sourceTree = "<group>"; };
		D9E1EFB2268EB8D300D1461F /* ReleasesVc.swift */ = {isa = PBXFileReference; lastKnownFileType = sourcecode.swift; path = ReleasesVc.swift; sourceTree = "<group>"; };
/* End PBXFileReference section */

/* Begin PBXFrameworksBuildPhase section */
		D991781D2677DEA100961969 /* Frameworks */ = {
			isa = PBXFrameworksBuildPhase;
			buildActionMask = 2147483647;
			files = (
			);
			runOnlyForDeploymentPostprocessing = 0;
		};
		D99178332677DEA600961969 /* Frameworks */ = {
			isa = PBXFrameworksBuildPhase;
			buildActionMask = 2147483647;
			files = (
			);
			runOnlyForDeploymentPostprocessing = 0;
		};
		D991783E2677DEA700961969 /* Frameworks */ = {
			isa = PBXFrameworksBuildPhase;
			buildActionMask = 2147483647;
			files = (
			);
			runOnlyForDeploymentPostprocessing = 0;
		};
/* End PBXFrameworksBuildPhase section */

/* Begin PBXGroup section */
		D961AE2C26D1FAB200275B3D /* Data */ = {
			isa = PBXGroup;
			children = (
				D961AE3526D2E2B500275B3D /* overview.json */,
				D961AE4526D5DABC00275B3D /* AlbumDetail.json */,
				D961AE1E26D1F9B900275B3D /* playerQueue.json */,
				D922ABCA26CCB6BF00610D88 /* catalog.json */,
				D991785A2678274100961969 /* ViewModel */,
			);
			path = Data;
			sourceTree = "<group>";
		};
		D96EA2F7268AB84600A6C691 /* Cells */ = {
			isa = PBXGroup;
			children = (
				D96EA2F8268AB88800A6C691 /* ArtistScrollCell.swift */,
				D96EA308268BF62D00A6C691 /* HeaderTableViewCell.swift */,
				D96EA30D268C064300A6C691 /* TrackHistoryScrollTableViewCell.swift */,
				D96EA312268C08BF00A6C691 /* GenreCell.swift */,
				D96EA317268C08D500A6C691 /* DiscoverCell.swift */,
				D96EA31C268C101F00A6C691 /* PlaylistCell.swift */,
				D920320526941A0100FFFD2D /* TrackStripCell.swift */,
				D922ABC226C865F600610D88 /* CollectionViewCells.swift */,
			);
			path = Cells;
			sourceTree = "<group>";
		};
		D985C86D26D8847A0082A82A /* Depricated */ = {
			isa = PBXGroup;
			children = (
			);
			path = Depricated;
			sourceTree = "<group>";
		};
		D99178172677DEA100961969 = {
			isa = PBXGroup;
			children = (
				D99178222677DEA100961969 /* spotlight */,
				D99178392677DEA600961969 /* spotlightTests */,
				D99178442677DEA700961969 /* spotlightUITests */,
				D99178212677DEA100961969 /* Products */,
			);
			sourceTree = "<group>";
		};
		D99178212677DEA100961969 /* Products */ = {
			isa = PBXGroup;
			children = (
				D99178202677DEA100961969 /* spotlight.app */,
				D99178362677DEA600961969 /* spotlightTests.xctest */,
				D99178412677DEA700961969 /* spotlightUITests.xctest */,
			);
			name = Products;
			sourceTree = "<group>";
		};
		D99178222677DEA100961969 /* spotlight */ = {
			isa = PBXGroup;
			children = (
				D985C86D26D8847A0082A82A /* Depricated */,
				D961AE2C26D1FAB200275B3D /* Data */,
				D991785B2678274D00961969 /* Controller */,
				D99178592678273200961969 /* View */,
				D99178232677DEA100961969 /* AppDelegate.swift */,
				D96EA303268BF4CC00A6C691 /* HomeViewController.swift */,
				D99178252677DEA100961969 /* SceneDelegate.swift */,
				D9142FE026A75ECE007D2CAE /* bundle-decodable.swift */,
				D9589667267D43F800026E65 /* TestViewController.swift */,
				D991782C2677DEA600961969 /* Assets.xcassets */,
				D991782E2677DEA600961969 /* LaunchScreen.storyboard */,
				D99178312677DEA600961969 /* Info.plist */,
			);
			path = spotlight;
			sourceTree = "<group>";
		};
		D99178392677DEA600961969 /* spotlightTests */ = {
			isa = PBXGroup;
			children = (
				D942194026DC7F6E00F1DC78 /* Info.plist */,
				D942193F26DC7F6E00F1DC78 /* spotlightTests.swift */,
			);
			path = spotlightTests;
			sourceTree = "<group>";
		};
		D99178442677DEA700961969 /* spotlightUITests */ = {
			isa = PBXGroup;
			children = (
				D942194926DC7FB500F1DC78 /* Info.plist */,
				D942194A26DC7FB500F1DC78 /* spotlightUITests.swift */,
			);
			path = spotlightUITests;
			sourceTree = "<group>";
		};
		D99178592678273200961969 /* View */ = {
			isa = PBXGroup;
			children = (
				D958966C267D746F00026E65 /* components.swift */,
				D961AE4026D5DA1200275B3D /* AlbumOverviewController.swift */,
				D96EA2ED2688E7D500A6C691 /* SettingsViewController.swift */,
				D96EA2DE26868E7000A6C691 /* LoginViewController.swift */,
				D96EA2E826868F9B00A6C691 /* TrackOverviewController.swift */,
				D961AE3026D2E02A00275B3D /* OverViewController.swift */,
				D9E1EFB2268EB8D300D1461F /* ReleasesVc.swift */,
				D92032152695483400FFFD2D /* ProfileViewController.swift */,
				D9E1EFAD268EB81D00D1461F /* ArtistProfileVc.swift */,
				D920321D2695493500FFFD2D /* DiscoverVc.swift */,
				D99178272677DEA100961969 /* ViewController.swift */,
				D96EA2E326868E8500A6C691 /* RegisterViewController.swift */,
				D96EA2F22688EAB700A6C691 /* TrackHistoryViewController.swift */,
				D96EA2F7268AB84600A6C691 /* Cells */,
				D9142FD226A74A72007D2CAE /* PlayerViewController.swift */,
			);
			path = View;
			sourceTree = "<group>";
		};
		D991785A2678274100961969 /* ViewModel */ = {
			isa = PBXGroup;
			children = (
				D920320D2694F0DE00FFFD2D /* Models.swift */,
			);
			path = ViewModel;
			sourceTree = "<group>";
		};
		D991785B2678274D00961969 /* Controller */ = {
			isa = PBXGroup;
			children = (
				D9142FEB26AB646B007D2CAE /* NetworkManager.swift */,
				D98629FA26900C30006EA015 /* UtilityFunctions.swift */,
				D94218F826DC4E1500F1DC78 /* ArtistProfileViewController.swift */,
			);
			path = Controller;
			sourceTree = "<group>";
		};
/* End PBXGroup section */

/* Begin PBXNativeTarget section */
		D991781F2677DEA100961969 /* spotlight */ = {
			isa = PBXNativeTarget;
			buildConfigurationList = D991784A2677DEA700961969 /* Build configuration list for PBXNativeTarget "spotlight" */;
			buildPhases = (
				D991781C2677DEA100961969 /* Sources */,
				D991781D2677DEA100961969 /* Frameworks */,
				D991781E2677DEA100961969 /* Resources */,
			);
			buildRules = (
			);
			dependencies = (
			);
			name = spotlight;
			productName = spotlight;
			productReference = D99178202677DEA100961969 /* spotlight.app */;
			productType = "com.apple.product-type.application";
		};
		D99178352677DEA600961969 /* spotlightTests */ = {
			isa = PBXNativeTarget;
			buildConfigurationList = D991784D2677DEA700961969 /* Build configuration list for PBXNativeTarget "spotlightTests" */;
			buildPhases = (
				D99178322677DEA600961969 /* Sources */,
				D99178332677DEA600961969 /* Frameworks */,
				D99178342677DEA600961969 /* Resources */,
			);
			buildRules = (
			);
			dependencies = (
				D99178382677DEA600961969 /* PBXTargetDependency */,
			);
			name = spotlightTests;
			productName = spotlightTests;
			productReference = D99178362677DEA600961969 /* spotlightTests.xctest */;
			productType = "com.apple.product-type.bundle.unit-test";
		};
		D99178402677DEA700961969 /* spotlightUITests */ = {
			isa = PBXNativeTarget;
			buildConfigurationList = D99178502677DEA700961969 /* Build configuration list for PBXNativeTarget "spotlightUITests" */;
			buildPhases = (
				D991783D2677DEA700961969 /* Sources */,
				D991783E2677DEA700961969 /* Frameworks */,
				D991783F2677DEA700961969 /* Resources */,
			);
			buildRules = (
			);
			dependencies = (
				D99178432677DEA700961969 /* PBXTargetDependency */,
			);
			name = spotlightUITests;
			productName = spotlightUITests;
			productReference = D99178412677DEA700961969 /* spotlightUITests.xctest */;
			productType = "com.apple.product-type.bundle.ui-testing";
		};
/* End PBXNativeTarget section */

/* Begin PBXProject section */
		D99178182677DEA100961969 /* Project object */ = {
			isa = PBXProject;
			attributes = {
				LastSwiftUpdateCheck = 1240;
				LastUpgradeCheck = 1240;
				TargetAttributes = {
					D991781F2677DEA100961969 = {
						CreatedOnToolsVersion = 12.4;
					};
					D99178352677DEA600961969 = {
						CreatedOnToolsVersion = 12.4;
						TestTargetID = D991781F2677DEA100961969;
					};
					D99178402677DEA700961969 = {
						CreatedOnToolsVersion = 12.4;
						TestTargetID = D991781F2677DEA100961969;
					};
				};
			};
			buildConfigurationList = D991781B2677DEA100961969 /* Build configuration list for PBXProject "spotlight" */;
			compatibilityVersion = "Xcode 9.3";
			developmentRegion = en;
			hasScannedForEncodings = 0;
			knownRegions = (
				en,
				Base,
			);
			mainGroup = D99178172677DEA100961969;
			productRefGroup = D99178212677DEA100961969 /* Products */;
			projectDirPath = "";
			projectRoot = "";
			targets = (
				D991781F2677DEA100961969 /* spotlight */,
				D99178352677DEA600961969 /* spotlightTests */,
				D99178402677DEA700961969 /* spotlightUITests */,
			);
		};
/* End PBXProject section */

/* Begin PBXResourcesBuildPhase section */
		D991781E2677DEA100961969 /* Resources */ = {
			isa = PBXResourcesBuildPhase;
			buildActionMask = 2147483647;
			files = (
				D961AE4626D5DABD00275B3D /* AlbumDetail.json in Resources */,
				D99178302677DEA600961969 /* LaunchScreen.storyboard in Resources */,
				D922ABCB26CCB6BF00610D88 /* catalog.json in Resources */,
				D961AE1F26D1F9BA00275B3D /* playerQueue.json in Resources */,
				D961AE3626D2E2B500275B3D /* overview.json in Resources */,
				D991782D2677DEA600961969 /* Assets.xcassets in Resources */,
			);
			runOnlyForDeploymentPostprocessing = 0;
		};
		D99178342677DEA600961969 /* Resources */ = {
			isa = PBXResourcesBuildPhase;
			buildActionMask = 2147483647;
			files = (
				D942194226DC7F6E00F1DC78 /* Info.plist in Resources */,
			);
			runOnlyForDeploymentPostprocessing = 0;
		};
		D991783F2677DEA700961969 /* Resources */ = {
			isa = PBXResourcesBuildPhase;
			buildActionMask = 2147483647;
			files = (
				D942194B26DC7FB500F1DC78 /* Info.plist in Resources */,
			);
			runOnlyForDeploymentPostprocessing = 0;
		};
/* End PBXResourcesBuildPhase section */

/* Begin PBXSourcesBuildPhase section */
		D991781C2677DEA100961969 /* Sources */ = {
			isa = PBXSourcesBuildPhase;
			buildActionMask = 2147483647;
			files = (
				D96EA2E926868F9B00A6C691 /* TrackOverviewController.swift in Sources */,
				D96EA2DF26868E7000A6C691 /* LoginViewController.swift in Sources */,
				D922ABC326C865F600610D88 /* CollectionViewCells.swift in Sources */,
				D96EA2F32688EAB700A6C691 /* TrackHistoryViewController.swift in Sources */,
				D9142FE126A75ECE007D2CAE /* bundle-decodable.swift in Sources */,
				D96EA30E268C064300A6C691 /* TrackHistoryScrollTableViewCell.swift in Sources */,
				D9E1EFB3268EB8D300D1461F /* ReleasesVc.swift in Sources */,
				D99178282677DEA100961969 /* ViewController.swift in Sources */,
				D9142FD326A74A73007D2CAE /* PlayerViewController.swift in Sources */,
				D9E1EFAE268EB81D00D1461F /* ArtistProfileVc.swift in Sources */,
				D96EA2E426868E8500A6C691 /* RegisterViewController.swift in Sources */,
				D96EA2F9268AB88800A6C691 /* ArtistScrollCell.swift in Sources */,
				D961AE4126D5DA1200275B3D /* AlbumOverviewController.swift in Sources */,
				D99178242677DEA100961969 /* AppDelegate.swift in Sources */,
				D96EA313268C08BF00A6C691 /* GenreCell.swift in Sources */,
				D920321E2695493500FFFD2D /* DiscoverVc.swift in Sources */,
				D96EA309268BF62D00A6C691 /* HeaderTableViewCell.swift in Sources */,
				D961AE3126D2E02A00275B3D /* OverViewController.swift in Sources */,
				D920320626941A0100FFFD2D /* TrackStripCell.swift in Sources */,
				D9142FEC26AB646B007D2CAE /* NetworkManager.swift in Sources */,
				D958966D267D746F00026E65 /* components.swift in Sources */,
				D9589668267D43F800026E65 /* TestViewController.swift in Sources */,
				D92032162695483400FFFD2D /* ProfileViewController.swift in Sources */,
				D96EA318268C08D500A6C691 /* DiscoverCell.swift in Sources */,
				D96EA31D268C101F00A6C691 /* PlaylistCell.swift in Sources */,
				D920320E2694F0DE00FFFD2D /* Models.swift in Sources */,
				D99178262677DEA100961969 /* SceneDelegate.swift in Sources */,
				D94218F926DC4E1500F1DC78 /* ArtistProfileViewController.swift in Sources */,
				D96EA2EE2688E7D500A6C691 /* SettingsViewController.swift in Sources */,
				D98629FB26900C30006EA015 /* UtilityFunctions.swift in Sources */,
				D96EA304268BF4CC00A6C691 /* HomeViewController.swift in Sources */,
			);
			runOnlyForDeploymentPostprocessing = 0;
		};
		D99178322677DEA600961969 /* Sources */ = {
			isa = PBXSourcesBuildPhase;
			buildActionMask = 2147483647;
			files = (
				D942194126DC7F6E00F1DC78 /* spotlightTests.swift in Sources */,
			);
			runOnlyForDeploymentPostprocessing = 0;
		};
		D991783D2677DEA700961969 /* Sources */ = {
			isa = PBXSourcesBuildPhase;
			buildActionMask = 2147483647;
			files = (
				D942194C26DC7FB500F1DC78 /* spotlightUITests.swift in Sources */,
			);
			runOnlyForDeploymentPostprocessing = 0;
		};
/* End PBXSourcesBuildPhase section */

/* Begin PBXTargetDependency section */
		D99178382677DEA600961969 /* PBXTargetDependency */ = {
			isa = PBXTargetDependency;
			target = D991781F2677DEA100961969 /* spotlight */;
			targetProxy = D99178372677DEA600961969 /* PBXContainerItemProxy */;
		};
		D99178432677DEA700961969 /* PBXTargetDependency */ = {
			isa = PBXTargetDependency;
			target = D991781F2677DEA100961969 /* spotlight */;
			targetProxy = D99178422677DEA700961969 /* PBXContainerItemProxy */;
		};
/* End PBXTargetDependency section */

/* Begin PBXVariantGroup section */
		D991782E2677DEA600961969 /* LaunchScreen.storyboard */ = {
			isa = PBXVariantGroup;
			children = (
				D991782F2677DEA600961969 /* Base */,
			);
			name = LaunchScreen.storyboard;
			sourceTree = "<group>";
		};
/* End PBXVariantGroup section */

/* Begin XCBuildConfiguration section */
		D99178482677DEA700961969 /* Debug */ = {
			isa = XCBuildConfiguration;
			buildSettings = {
				ALWAYS_SEARCH_USER_PATHS = NO;
				CLANG_ANALYZER_NONNULL = YES;
				CLANG_ANALYZER_NUMBER_OBJECT_CONVERSION = YES_AGGRESSIVE;
				CLANG_CXX_LANGUAGE_STANDARD = "gnu++14";
				CLANG_CXX_LIBRARY = "libc++";
				CLANG_ENABLE_MODULES = YES;
				CLANG_ENABLE_OBJC_ARC = YES;
				CLANG_ENABLE_OBJC_WEAK = YES;
				CLANG_WARN_BLOCK_CAPTURE_AUTORELEASING = YES;
				CLANG_WARN_BOOL_CONVERSION = YES;
				CLANG_WARN_COMMA = YES;
				CLANG_WARN_CONSTANT_CONVERSION = YES;
				CLANG_WARN_DEPRECATED_OBJC_IMPLEMENTATIONS = YES;
				CLANG_WARN_DIRECT_OBJC_ISA_USAGE = YES_ERROR;
				CLANG_WARN_DOCUMENTATION_COMMENTS = YES;
				CLANG_WARN_EMPTY_BODY = YES;
				CLANG_WARN_ENUM_CONVERSION = YES;
				CLANG_WARN_INFINITE_RECURSION = YES;
				CLANG_WARN_INT_CONVERSION = YES;
				CLANG_WARN_NON_LITERAL_NULL_CONVERSION = YES;
				CLANG_WARN_OBJC_IMPLICIT_RETAIN_SELF = YES;
				CLANG_WARN_OBJC_LITERAL_CONVERSION = YES;
				CLANG_WARN_OBJC_ROOT_CLASS = YES_ERROR;
				CLANG_WARN_QUOTED_INCLUDE_IN_FRAMEWORK_HEADER = YES;
				CLANG_WARN_RANGE_LOOP_ANALYSIS = YES;
				CLANG_WARN_STRICT_PROTOTYPES = YES;
				CLANG_WARN_SUSPICIOUS_MOVE = YES;
				CLANG_WARN_UNGUARDED_AVAILABILITY = YES_AGGRESSIVE;
				CLANG_WARN_UNREACHABLE_CODE = YES;
				CLANG_WARN__DUPLICATE_METHOD_MATCH = YES;
				COPY_PHASE_STRIP = NO;
				DEBUG_INFORMATION_FORMAT = dwarf;
				ENABLE_STRICT_OBJC_MSGSEND = YES;
				ENABLE_TESTABILITY = YES;
				GCC_C_LANGUAGE_STANDARD = gnu11;
				GCC_DYNAMIC_NO_PIC = NO;
				GCC_NO_COMMON_BLOCKS = YES;
				GCC_OPTIMIZATION_LEVEL = 0;
				GCC_PREPROCESSOR_DEFINITIONS = (
					"DEBUG=1",
					"$(inherited)",
				);
				GCC_WARN_64_TO_32_BIT_CONVERSION = YES;
				GCC_WARN_ABOUT_RETURN_TYPE = YES_ERROR;
				GCC_WARN_UNDECLARED_SELECTOR = YES;
				GCC_WARN_UNINITIALIZED_AUTOS = YES_AGGRESSIVE;
				GCC_WARN_UNUSED_FUNCTION = YES;
				GCC_WARN_UNUSED_VARIABLE = YES;
				IPHONEOS_DEPLOYMENT_TARGET = 14.4;
				MTL_ENABLE_DEBUG_INFO = INCLUDE_SOURCE;
				MTL_FAST_MATH = YES;
				ONLY_ACTIVE_ARCH = YES;
				SDKROOT = iphoneos;
				SWIFT_ACTIVE_COMPILATION_CONDITIONS = DEBUG;
				SWIFT_OPTIMIZATION_LEVEL = "-Onone";
			};
			name = Debug;
		};
		D99178492677DEA700961969 /* Release */ = {
			isa = XCBuildConfiguration;
			buildSettings = {
				ALWAYS_SEARCH_USER_PATHS = NO;
				CLANG_ANALYZER_NONNULL = YES;
				CLANG_ANALYZER_NUMBER_OBJECT_CONVERSION = YES_AGGRESSIVE;
				CLANG_CXX_LANGUAGE_STANDARD = "gnu++14";
				CLANG_CXX_LIBRARY = "libc++";
				CLANG_ENABLE_MODULES = YES;
				CLANG_ENABLE_OBJC_ARC = YES;
				CLANG_ENABLE_OBJC_WEAK = YES;
				CLANG_WARN_BLOCK_CAPTURE_AUTORELEASING = YES;
				CLANG_WARN_BOOL_CONVERSION = YES;
				CLANG_WARN_COMMA = YES;
				CLANG_WARN_CONSTANT_CONVERSION = YES;
				CLANG_WARN_DEPRECATED_OBJC_IMPLEMENTATIONS = YES;
				CLANG_WARN_DIRECT_OBJC_ISA_USAGE = YES_ERROR;
				CLANG_WARN_DOCUMENTATION_COMMENTS = YES;
				CLANG_WARN_EMPTY_BODY = YES;
				CLANG_WARN_ENUM_CONVERSION = YES;
				CLANG_WARN_INFINITE_RECURSION = YES;
				CLANG_WARN_INT_CONVERSION = YES;
				CLANG_WARN_NON_LITERAL_NULL_CONVERSION = YES;
				CLANG_WARN_OBJC_IMPLICIT_RETAIN_SELF = YES;
				CLANG_WARN_OBJC_LITERAL_CONVERSION = YES;
				CLANG_WARN_OBJC_ROOT_CLASS = YES_ERROR;
				CLANG_WARN_QUOTED_INCLUDE_IN_FRAMEWORK_HEADER = YES;
				CLANG_WARN_RANGE_LOOP_ANALYSIS = YES;
				CLANG_WARN_STRICT_PROTOTYPES = YES;
				CLANG_WARN_SUSPICIOUS_MOVE = YES;
				CLANG_WARN_UNGUARDED_AVAILABILITY = YES_AGGRESSIVE;
				CLANG_WARN_UNREACHABLE_CODE = YES;
				CLANG_WARN__DUPLICATE_METHOD_MATCH = YES;
				COPY_PHASE_STRIP = NO;
				DEBUG_INFORMATION_FORMAT = "dwarf-with-dsym";
				ENABLE_NS_ASSERTIONS = NO;
				ENABLE_STRICT_OBJC_MSGSEND = YES;
				GCC_C_LANGUAGE_STANDARD = gnu11;
				GCC_NO_COMMON_BLOCKS = YES;
				GCC_WARN_64_TO_32_BIT_CONVERSION = YES;
				GCC_WARN_ABOUT_RETURN_TYPE = YES_ERROR;
				GCC_WARN_UNDECLARED_SELECTOR = YES;
				GCC_WARN_UNINITIALIZED_AUTOS = YES_AGGRESSIVE;
				GCC_WARN_UNUSED_FUNCTION = YES;
				GCC_WARN_UNUSED_VARIABLE = YES;
				IPHONEOS_DEPLOYMENT_TARGET = 14.4;
				MTL_ENABLE_DEBUG_INFO = NO;
				MTL_FAST_MATH = YES;
				SDKROOT = iphoneos;
				SWIFT_COMPILATION_MODE = wholemodule;
				SWIFT_OPTIMIZATION_LEVEL = "-O";
				VALIDATE_PRODUCT = YES;
			};
			name = Release;
		};
		D991784B2677DEA700961969 /* Debug */ = {
			isa = XCBuildConfiguration;
			buildSettings = {
				ASSETCATALOG_COMPILER_APPICON_NAME = AppIcon;
				ASSETCATALOG_COMPILER_GLOBAL_ACCENT_COLOR_NAME = AccentColor;
				CODE_SIGN_STYLE = Automatic;
				DEVELOPMENT_TEAM = JR68HFY6D7;
				INFOPLIST_FILE = spotlight/Info.plist;
				LD_RUNPATH_SEARCH_PATHS = (
					"$(inherited)",
					"@executable_path/Frameworks",
				);
				PRODUCT_BUNDLE_IDENTIFIER = jukebox.spotlight;
				PRODUCT_NAME = "$(TARGET_NAME)";
				SWIFT_VERSION = 5.0;
				TARGETED_DEVICE_FAMILY = "1,2";
			};
			name = Debug;
		};
		D991784C2677DEA700961969 /* Release */ = {
			isa = XCBuildConfiguration;
			buildSettings = {
				ASSETCATALOG_COMPILER_APPICON_NAME = AppIcon;
				ASSETCATALOG_COMPILER_GLOBAL_ACCENT_COLOR_NAME = AccentColor;
				CODE_SIGN_STYLE = Automatic;
				DEVELOPMENT_TEAM = JR68HFY6D7;
				INFOPLIST_FILE = spotlight/Info.plist;
				LD_RUNPATH_SEARCH_PATHS = (
					"$(inherited)",
					"@executable_path/Frameworks",
				);
				PRODUCT_BUNDLE_IDENTIFIER = jukebox.spotlight;
				PRODUCT_NAME = "$(TARGET_NAME)";
				SWIFT_VERSION = 5.0;
				TARGETED_DEVICE_FAMILY = "1,2";
			};
			name = Release;
		};
		D991784E2677DEA700961969 /* Debug */ = {
			isa = XCBuildConfiguration;
			buildSettings = {
				ALWAYS_EMBED_SWIFT_STANDARD_LIBRARIES = YES;
				BUNDLE_LOADER = "$(TEST_HOST)";
				CODE_SIGN_STYLE = Automatic;
				DEVELOPMENT_TEAM = JR68HFY6D7;
				INFOPLIST_FILE = spotlightTests/Info.plist;
				IPHONEOS_DEPLOYMENT_TARGET = 14.4;
				LD_RUNPATH_SEARCH_PATHS = (
					"$(inherited)",
					"@executable_path/Frameworks",
					"@loader_path/Frameworks",
				);
				PRODUCT_BUNDLE_IDENTIFIER = jukebox.spotlightTests;
				PRODUCT_NAME = "$(TARGET_NAME)";
				SWIFT_VERSION = 5.0;
				TARGETED_DEVICE_FAMILY = "1,2";
				TEST_HOST = "$(BUILT_PRODUCTS_DIR)/spotlight.app/spotlight";
			};
			name = Debug;
		};
		D991784F2677DEA700961969 /* Release */ = {
			isa = XCBuildConfiguration;
			buildSettings = {
				ALWAYS_EMBED_SWIFT_STANDARD_LIBRARIES = YES;
				BUNDLE_LOADER = "$(TEST_HOST)";
				CODE_SIGN_STYLE = Automatic;
				DEVELOPMENT_TEAM = JR68HFY6D7;
				INFOPLIST_FILE = spotlightTests/Info.plist;
				IPHONEOS_DEPLOYMENT_TARGET = 14.4;
				LD_RUNPATH_SEARCH_PATHS = (
					"$(inherited)",
					"@executable_path/Frameworks",
					"@loader_path/Frameworks",
				);
				PRODUCT_BUNDLE_IDENTIFIER = jukebox.spotlightTests;
				PRODUCT_NAME = "$(TARGET_NAME)";
				SWIFT_VERSION = 5.0;
				TARGETED_DEVICE_FAMILY = "1,2";
				TEST_HOST = "$(BUILT_PRODUCTS_DIR)/spotlight.app/spotlight";
			};
			name = Release;
		};
		D99178512677DEA700961969 /* Debug */ = {
			isa = XCBuildConfiguration;
			buildSettings = {
				ALWAYS_EMBED_SWIFT_STANDARD_LIBRARIES = YES;
				CODE_SIGN_STYLE = Automatic;
				DEVELOPMENT_TEAM = JR68HFY6D7;
				INFOPLIST_FILE = spotlightUITests/Info.plist;
				LD_RUNPATH_SEARCH_PATHS = (
					"$(inherited)",
					"@executable_path/Frameworks",
					"@loader_path/Frameworks",
				);
				PRODUCT_BUNDLE_IDENTIFIER = jukebox.spotlightUITests;
				PRODUCT_NAME = "$(TARGET_NAME)";
				SWIFT_VERSION = 5.0;
				TARGETED_DEVICE_FAMILY = "1,2";
				TEST_TARGET_NAME = spotlight;
			};
			name = Debug;
		};
		D99178522677DEA700961969 /* Release */ = {
			isa = XCBuildConfiguration;
			buildSettings = {
				ALWAYS_EMBED_SWIFT_STANDARD_LIBRARIES = YES;
				CODE_SIGN_STYLE = Automatic;
				DEVELOPMENT_TEAM = JR68HFY6D7;
				INFOPLIST_FILE = spotlightUITests/Info.plist;
				LD_RUNPATH_SEARCH_PATHS = (
					"$(inherited)",
					"@executable_path/Frameworks",
					"@loader_path/Frameworks",
				);
				PRODUCT_BUNDLE_IDENTIFIER = jukebox.spotlightUITests;
				PRODUCT_NAME = "$(TARGET_NAME)";
				SWIFT_VERSION = 5.0;
				TARGETED_DEVICE_FAMILY = "1,2";
				TEST_TARGET_NAME = spotlight;
			};
			name = Release;
		};
/* End XCBuildConfiguration section */

/* Begin XCConfigurationList section */
		D991781B2677DEA100961969 /* Build configuration list for PBXProject "spotlight" */ = {
			isa = XCConfigurationList;
			buildConfigurations = (
				D99178482677DEA700961969 /* Debug */,
				D99178492677DEA700961969 /* Release */,
			);
			defaultConfigurationIsVisible = 0;
			defaultConfigurationName = Release;
		};
		D991784A2677DEA700961969 /* Build configuration list for PBXNativeTarget "spotlight" */ = {
			isa = XCConfigurationList;
			buildConfigurations = (
				D991784B2677DEA700961969 /* Debug */,
				D991784C2677DEA700961969 /* Release */,
			);
			defaultConfigurationIsVisible = 0;
			defaultConfigurationName = Release;
		};
		D991784D2677DEA700961969 /* Build configuration list for PBXNativeTarget "spotlightTests" */ = {
			isa = XCConfigurationList;
			buildConfigurations = (
				D991784E2677DEA700961969 /* Debug */,
				D991784F2677DEA700961969 /* Release */,
			);
			defaultConfigurationIsVisible = 0;
			defaultConfigurationName = Release;
		};
		D99178502677DEA700961969 /* Build configuration list for PBXNativeTarget "spotlightUITests" */ = {
			isa = XCConfigurationList;
			buildConfigurations = (
				D99178512677DEA700961969 /* Debug */,
				D99178522677DEA700961969 /* Release */,
			);
			defaultConfigurationIsVisible = 0;
			defaultConfigurationName = Release;
		};
/* End XCConfigurationList section */
	};
	rootObject = D99178182677DEA100961969 /* Project object */;
}
