// !$*UTF8*$!
{
	archiveVersion = 1;
	classes = {
	};
	objectVersion = 55;
	objects = {

/* Begin PBXBuildFile section */
		2211AC0927B7D94D0039F9B8 /* AppDelegate.swift in Sources */ = {isa = PBXBuildFile; fileRef = 2211AC0827B7D94D0039F9B8 /* AppDelegate.swift */; };
		2211AC0B27B7D94D0039F9B8 /* SceneDelegate.swift in Sources */ = {isa = PBXBuildFile; fileRef = 2211AC0A27B7D94D0039F9B8 /* SceneDelegate.swift */; };
		2211AC1327B7D94D0039F9B8 /* dyscMusic.xcdatamodeld in Sources */ = {isa = PBXBuildFile; fileRef = 2211AC1127B7D94D0039F9B8 /* dyscMusic.xcdatamodeld */; };
		2211AC1527B7D94F0039F9B8 /* Assets.xcassets in Resources */ = {isa = PBXBuildFile; fileRef = 2211AC1427B7D94F0039F9B8 /* Assets.xcassets */; };
		2211AC1827B7D94F0039F9B8 /* LaunchScreen.storyboard in Resources */ = {isa = PBXBuildFile; fileRef = 2211AC1627B7D94F0039F9B8 /* LaunchScreen.storyboard */; };
		2211AC2327B7D9500039F9B8 /* dyscMusicTests.swift in Sources */ = {isa = PBXBuildFile; fileRef = 2211AC2227B7D9500039F9B8 /* dyscMusicTests.swift */; };
		2211AC2D27B7D9500039F9B8 /* dyscMusicUITests.swift in Sources */ = {isa = PBXBuildFile; fileRef = 2211AC2C27B7D9500039F9B8 /* dyscMusicUITests.swift */; };
		2211AC2F27B7D9500039F9B8 /* dyscMusicUITestsLaunchTests.swift in Sources */ = {isa = PBXBuildFile; fileRef = 2211AC2E27B7D9500039F9B8 /* dyscMusicUITestsLaunchTests.swift */; };
		2211AC3E27B7DB180039F9B8 /* NetworkManager.swift in Sources */ = {isa = PBXBuildFile; fileRef = 2211AC3C27B7DB180039F9B8 /* NetworkManager.swift */; };
		2211AC3F27B7DB180039F9B8 /* AudioManager.swift in Sources */ = {isa = PBXBuildFile; fileRef = 2211AC3D27B7DB180039F9B8 /* AudioManager.swift */; };
		2211AC4927B7DB290039F9B8 /* Models.swift in Sources */ = {isa = PBXBuildFile; fileRef = 2211AC4527B7DB280039F9B8 /* Models.swift */; };
		2211AC6B27B7DB560039F9B8 /* Cells.swift in Sources */ = {isa = PBXBuildFile; fileRef = 2211AC4B27B7DB560039F9B8 /* Cells.swift */; };
		2211AC6C27B7DB560039F9B8 /* SearchViewController.swift in Sources */ = {isa = PBXBuildFile; fileRef = 2211AC4C27B7DB560039F9B8 /* SearchViewController.swift */; };
		2211AC6D27B7DB560039F9B8 /* Library.swift in Sources */ = {isa = PBXBuildFile; fileRef = 2211AC4D27B7DB560039F9B8 /* Library.swift */; };
		2211AC6E27B7DB560039F9B8 /* MusicViewController.swift in Sources */ = {isa = PBXBuildFile; fileRef = 2211AC4E27B7DB560039F9B8 /* MusicViewController.swift */; };
		2211AC6F27B7DB560039F9B8 /* DetailViewController.swift in Sources */ = {isa = PBXBuildFile; fileRef = 2211AC4F27B7DB560039F9B8 /* DetailViewController.swift */; };
		2211AC7027B7DB560039F9B8 /* PlayerViewController.swift in Sources */ = {isa = PBXBuildFile; fileRef = 2211AC5027B7DB560039F9B8 /* PlayerViewController.swift */; };
		2211AC7127B7DB560039F9B8 /* aboutVc.swift in Sources */ = {isa = PBXBuildFile; fileRef = 2211AC5327B7DB560039F9B8 /* aboutVc.swift */; };
		2211AC7227B7DB560039F9B8 /* NotificationSettingsVc.swift in Sources */ = {isa = PBXBuildFile; fileRef = 2211AC5427B7DB560039F9B8 /* NotificationSettingsVc.swift */; };
		2211AC7327B7DB560039F9B8 /* SecuritySettingsVc.swift in Sources */ = {isa = PBXBuildFile; fileRef = 2211AC5527B7DB560039F9B8 /* SecuritySettingsVc.swift */; };
		2211AC7427B7DB560039F9B8 /* AccountSettingsVc.swift in Sources */ = {isa = PBXBuildFile; fileRef = 2211AC5627B7DB560039F9B8 /* AccountSettingsVc.swift */; };
		2211AC7527B7DB560039F9B8 /* PrivacySettingsVc.swift in Sources */ = {isa = PBXBuildFile; fileRef = 2211AC5727B7DB560039F9B8 /* PrivacySettingsVc.swift */; };
		2211AC7627B7DB560039F9B8 /* WalletSettingsVc.swift in Sources */ = {isa = PBXBuildFile; fileRef = 2211AC5827B7DB560039F9B8 /* WalletSettingsVc.swift */; };
		2211AC7727B7DB560039F9B8 /* SettingsViewController.swift in Sources */ = {isa = PBXBuildFile; fileRef = 2211AC5927B7DB560039F9B8 /* SettingsViewController.swift */; };
		2211AC7827B7DB560039F9B8 /* TrackQueueListViewController.swift in Sources */ = {isa = PBXBuildFile; fileRef = 2211AC5A27B7DB560039F9B8 /* TrackQueueListViewController.swift */; };
		2211AC7927B7DB560039F9B8 /* SearchResultViewController.swift in Sources */ = {isa = PBXBuildFile; fileRef = 2211AC5B27B7DB560039F9B8 /* SearchResultViewController.swift */; };
		2211AC7A27B7DB560039F9B8 /* TrackHistoryViewController.swift in Sources */ = {isa = PBXBuildFile; fileRef = 2211AC5C27B7DB560039F9B8 /* TrackHistoryViewController.swift */; };
		2211AC7B27B7DB560039F9B8 /* ArtistProfileVc.swift in Sources */ = {isa = PBXBuildFile; fileRef = 2211AC5D27B7DB560039F9B8 /* ArtistProfileVc.swift */; };
		2211AC7C27B7DB560039F9B8 /* ReleasesVc.swift in Sources */ = {isa = PBXBuildFile; fileRef = 2211AC5E27B7DB560039F9B8 /* ReleasesVc.swift */; };
		2211AC7D27B7DB560039F9B8 /* TrackOptionsViewController.swift in Sources */ = {isa = PBXBuildFile; fileRef = 2211AC5F27B7DB560039F9B8 /* TrackOptionsViewController.swift */; };
		2211AC7E27B7DB560039F9B8 /* OverViewController.swift in Sources */ = {isa = PBXBuildFile; fileRef = 2211AC6027B7DB560039F9B8 /* OverViewController.swift */; };
		2211AC7F27B7DB560039F9B8 /* PlaylistViewController.swift in Sources */ = {isa = PBXBuildFile; fileRef = 2211AC6127B7DB560039F9B8 /* PlaylistViewController.swift */; };
		2211AC8027B7DB560039F9B8 /* HomeVc.swift in Sources */ = {isa = PBXBuildFile; fileRef = 2211AC6227B7DB560039F9B8 /* HomeVc.swift */; };
		2211AC8127B7DB560039F9B8 /* LoginViewController.swift in Sources */ = {isa = PBXBuildFile; fileRef = 2211AC6327B7DB560039F9B8 /* LoginViewController.swift */; };
		2211AC8227B7DB560039F9B8 /* VideoViewController.swift in Sources */ = {isa = PBXBuildFile; fileRef = 2211AC6427B7DB560039F9B8 /* VideoViewController.swift */; };
		2211AC8327B7DB560039F9B8 /* ProfileViewController.swift in Sources */ = {isa = PBXBuildFile; fileRef = 2211AC6527B7DB560039F9B8 /* ProfileViewController.swift */; };
		2211AC8427B7DB560039F9B8 /* components.swift in Sources */ = {isa = PBXBuildFile; fileRef = 2211AC6627B7DB560039F9B8 /* components.swift */; };
		2211AC8527B7DB560039F9B8 /* UtilityFunctions.swift in Sources */ = {isa = PBXBuildFile; fileRef = 2211AC6827B7DB560039F9B8 /* UtilityFunctions.swift */; };
		2211AC8627B7DB560039F9B8 /* extensions.swift in Sources */ = {isa = PBXBuildFile; fileRef = 2211AC6927B7DB560039F9B8 /* extensions.swift */; };
		2211AC8727B7DB560039F9B8 /* Protocols.swift in Sources */ = {isa = PBXBuildFile; fileRef = 2211AC6A27B7DB560039F9B8 /* Protocols.swift */; };
		2274037E27B7F15400DEFCAE /* User+CoreDataClass.swift in Sources */ = {isa = PBXBuildFile; fileRef = 2274037C27B7F15400DEFCAE /* User+CoreDataClass.swift */; };
		2274037F27B7F15400DEFCAE /* User+CoreDataProperties.swift in Sources */ = {isa = PBXBuildFile; fileRef = 2274037D27B7F15400DEFCAE /* User+CoreDataProperties.swift */; };
/* End PBXBuildFile section */

/* Begin PBXContainerItemProxy section */
		2211AC1F27B7D9500039F9B8 /* PBXContainerItemProxy */ = {
			isa = PBXContainerItemProxy;
			containerPortal = 2211ABFD27B7D94D0039F9B8 /* Project object */;
			proxyType = 1;
			remoteGlobalIDString = 2211AC0427B7D94D0039F9B8;
			remoteInfo = dyscMusic;
		};
		2211AC2927B7D9500039F9B8 /* PBXContainerItemProxy */ = {
			isa = PBXContainerItemProxy;
			containerPortal = 2211ABFD27B7D94D0039F9B8 /* Project object */;
			proxyType = 1;
			remoteGlobalIDString = 2211AC0427B7D94D0039F9B8;
			remoteInfo = dyscMusic;
		};
/* End PBXContainerItemProxy section */

/* Begin PBXFileReference section */
		2211AC0527B7D94D0039F9B8 /* dyscMusic.app */ = {isa = PBXFileReference; explicitFileType = wrapper.application; includeInIndex = 0; path = dyscMusic.app; sourceTree = BUILT_PRODUCTS_DIR; };
		2211AC0827B7D94D0039F9B8 /* AppDelegate.swift */ = {isa = PBXFileReference; lastKnownFileType = sourcecode.swift; path = AppDelegate.swift; sourceTree = "<group>"; };
		2211AC0A27B7D94D0039F9B8 /* SceneDelegate.swift */ = {isa = PBXFileReference; lastKnownFileType = sourcecode.swift; path = SceneDelegate.swift; sourceTree = "<group>"; };
		2211AC1227B7D94D0039F9B8 /* dyscMusic.xcdatamodel */ = {isa = PBXFileReference; lastKnownFileType = wrapper.xcdatamodel; path = dyscMusic.xcdatamodel; sourceTree = "<group>"; };
		2211AC1427B7D94F0039F9B8 /* Assets.xcassets */ = {isa = PBXFileReference; lastKnownFileType = folder.assetcatalog; path = Assets.xcassets; sourceTree = "<group>"; };
		2211AC1727B7D94F0039F9B8 /* Base */ = {isa = PBXFileReference; lastKnownFileType = file.storyboard; name = Base; path = Base.lproj/LaunchScreen.storyboard; sourceTree = "<group>"; };
		2211AC1927B7D94F0039F9B8 /* Info.plist */ = {isa = PBXFileReference; lastKnownFileType = text.plist.xml; path = Info.plist; sourceTree = "<group>"; };
		2211AC1E27B7D9500039F9B8 /* dyscMusicTests.xctest */ = {isa = PBXFileReference; explicitFileType = wrapper.cfbundle; includeInIndex = 0; path = dyscMusicTests.xctest; sourceTree = BUILT_PRODUCTS_DIR; };
		2211AC2227B7D9500039F9B8 /* dyscMusicTests.swift */ = {isa = PBXFileReference; lastKnownFileType = sourcecode.swift; path = dyscMusicTests.swift; sourceTree = "<group>"; };
		2211AC2827B7D9500039F9B8 /* dyscMusicUITests.xctest */ = {isa = PBXFileReference; explicitFileType = wrapper.cfbundle; includeInIndex = 0; path = dyscMusicUITests.xctest; sourceTree = BUILT_PRODUCTS_DIR; };
		2211AC2C27B7D9500039F9B8 /* dyscMusicUITests.swift */ = {isa = PBXFileReference; lastKnownFileType = sourcecode.swift; path = dyscMusicUITests.swift; sourceTree = "<group>"; };
		2211AC2E27B7D9500039F9B8 /* dyscMusicUITestsLaunchTests.swift */ = {isa = PBXFileReference; lastKnownFileType = sourcecode.swift; path = dyscMusicUITestsLaunchTests.swift; sourceTree = "<group>"; };
		2211AC3C27B7DB180039F9B8 /* NetworkManager.swift */ = {isa = PBXFileReference; fileEncoding = 4; lastKnownFileType = sourcecode.swift; path = NetworkManager.swift; sourceTree = "<group>"; };
		2211AC3D27B7DB180039F9B8 /* AudioManager.swift */ = {isa = PBXFileReference; fileEncoding = 4; lastKnownFileType = sourcecode.swift; path = AudioManager.swift; sourceTree = "<group>"; };
		2211AC4527B7DB280039F9B8 /* Models.swift */ = {isa = PBXFileReference; fileEncoding = 4; lastKnownFileType = sourcecode.swift; path = Models.swift; sourceTree = "<group>"; };
		2211AC4B27B7DB560039F9B8 /* Cells.swift */ = {isa = PBXFileReference; fileEncoding = 4; lastKnownFileType = sourcecode.swift; path = Cells.swift; sourceTree = "<group>"; };
		2211AC4C27B7DB560039F9B8 /* SearchViewController.swift */ = {isa = PBXFileReference; fileEncoding = 4; lastKnownFileType = sourcecode.swift; path = SearchViewController.swift; sourceTree = "<group>"; };
		2211AC4D27B7DB560039F9B8 /* Library.swift */ = {isa = PBXFileReference; fileEncoding = 4; lastKnownFileType = sourcecode.swift; path = Library.swift; sourceTree = "<group>"; };
		2211AC4E27B7DB560039F9B8 /* MusicViewController.swift */ = {isa = PBXFileReference; fileEncoding = 4; lastKnownFileType = sourcecode.swift; path = MusicViewController.swift; sourceTree = "<group>"; };
		2211AC4F27B7DB560039F9B8 /* DetailViewController.swift */ = {isa = PBXFileReference; fileEncoding = 4; lastKnownFileType = sourcecode.swift; path = DetailViewController.swift; sourceTree = "<group>"; };
		2211AC5027B7DB560039F9B8 /* PlayerViewController.swift */ = {isa = PBXFileReference; fileEncoding = 4; lastKnownFileType = sourcecode.swift; path = PlayerViewController.swift; sourceTree = "<group>"; };
		2211AC5327B7DB560039F9B8 /* aboutVc.swift */ = {isa = PBXFileReference; fileEncoding = 4; lastKnownFileType = sourcecode.swift; path = aboutVc.swift; sourceTree = "<group>"; };
		2211AC5427B7DB560039F9B8 /* NotificationSettingsVc.swift */ = {isa = PBXFileReference; fileEncoding = 4; lastKnownFileType = sourcecode.swift; path = NotificationSettingsVc.swift; sourceTree = "<group>"; };
		2211AC5527B7DB560039F9B8 /* SecuritySettingsVc.swift */ = {isa = PBXFileReference; fileEncoding = 4; lastKnownFileType = sourcecode.swift; path = SecuritySettingsVc.swift; sourceTree = "<group>"; };
		2211AC5627B7DB560039F9B8 /* AccountSettingsVc.swift */ = {isa = PBXFileReference; fileEncoding = 4; lastKnownFileType = sourcecode.swift; path = AccountSettingsVc.swift; sourceTree = "<group>"; };
		2211AC5727B7DB560039F9B8 /* PrivacySettingsVc.swift */ = {isa = PBXFileReference; fileEncoding = 4; lastKnownFileType = sourcecode.swift; path = PrivacySettingsVc.swift; sourceTree = "<group>"; };
		2211AC5827B7DB560039F9B8 /* WalletSettingsVc.swift */ = {isa = PBXFileReference; fileEncoding = 4; lastKnownFileType = sourcecode.swift; path = WalletSettingsVc.swift; sourceTree = "<group>"; };
		2211AC5927B7DB560039F9B8 /* SettingsViewController.swift */ = {isa = PBXFileReference; fileEncoding = 4; lastKnownFileType = sourcecode.swift; path = SettingsViewController.swift; sourceTree = "<group>"; };
		2211AC5A27B7DB560039F9B8 /* TrackQueueListViewController.swift */ = {isa = PBXFileReference; fileEncoding = 4; lastKnownFileType = sourcecode.swift; path = TrackQueueListViewController.swift; sourceTree = "<group>"; };
		2211AC5B27B7DB560039F9B8 /* SearchResultViewController.swift */ = {isa = PBXFileReference; fileEncoding = 4; lastKnownFileType = sourcecode.swift; path = SearchResultViewController.swift; sourceTree = "<group>"; };
		2211AC5C27B7DB560039F9B8 /* TrackHistoryViewController.swift */ = {isa = PBXFileReference; fileEncoding = 4; lastKnownFileType = sourcecode.swift; path = TrackHistoryViewController.swift; sourceTree = "<group>"; };
		2211AC5D27B7DB560039F9B8 /* ArtistProfileVc.swift */ = {isa = PBXFileReference; fileEncoding = 4; lastKnownFileType = sourcecode.swift; path = ArtistProfileVc.swift; sourceTree = "<group>"; };
		2211AC5E27B7DB560039F9B8 /* ReleasesVc.swift */ = {isa = PBXFileReference; fileEncoding = 4; lastKnownFileType = sourcecode.swift; path = ReleasesVc.swift; sourceTree = "<group>"; };
		2211AC5F27B7DB560039F9B8 /* TrackOptionsViewController.swift */ = {isa = PBXFileReference; fileEncoding = 4; lastKnownFileType = sourcecode.swift; path = TrackOptionsViewController.swift; sourceTree = "<group>"; };
		2211AC6027B7DB560039F9B8 /* OverViewController.swift */ = {isa = PBXFileReference; fileEncoding = 4; lastKnownFileType = sourcecode.swift; path = OverViewController.swift; sourceTree = "<group>"; };
		2211AC6127B7DB560039F9B8 /* PlaylistViewController.swift */ = {isa = PBXFileReference; fileEncoding = 4; lastKnownFileType = sourcecode.swift; path = PlaylistViewController.swift; sourceTree = "<group>"; };
		2211AC6227B7DB560039F9B8 /* HomeVc.swift */ = {isa = PBXFileReference; fileEncoding = 4; lastKnownFileType = sourcecode.swift; path = HomeVc.swift; sourceTree = "<group>"; };
		2211AC6327B7DB560039F9B8 /* LoginViewController.swift */ = {isa = PBXFileReference; fileEncoding = 4; lastKnownFileType = sourcecode.swift; path = LoginViewController.swift; sourceTree = "<group>"; };
		2211AC6427B7DB560039F9B8 /* VideoViewController.swift */ = {isa = PBXFileReference; fileEncoding = 4; lastKnownFileType = sourcecode.swift; path = VideoViewController.swift; sourceTree = "<group>"; };
		2211AC6527B7DB560039F9B8 /* ProfileViewController.swift */ = {isa = PBXFileReference; fileEncoding = 4; lastKnownFileType = sourcecode.swift; path = ProfileViewController.swift; sourceTree = "<group>"; };
		2211AC6627B7DB560039F9B8 /* components.swift */ = {isa = PBXFileReference; fileEncoding = 4; lastKnownFileType = sourcecode.swift; path = components.swift; sourceTree = "<group>"; };
		2211AC6827B7DB560039F9B8 /* UtilityFunctions.swift */ = {isa = PBXFileReference; fileEncoding = 4; lastKnownFileType = sourcecode.swift; path = UtilityFunctions.swift; sourceTree = "<group>"; };
		2211AC6927B7DB560039F9B8 /* extensions.swift */ = {isa = PBXFileReference; fileEncoding = 4; lastKnownFileType = sourcecode.swift; path = extensions.swift; sourceTree = "<group>"; };
		2211AC6A27B7DB560039F9B8 /* Protocols.swift */ = {isa = PBXFileReference; fileEncoding = 4; lastKnownFileType = sourcecode.swift; path = Protocols.swift; sourceTree = "<group>"; };
		2274037C27B7F15400DEFCAE /* User+CoreDataClass.swift */ = {isa = PBXFileReference; lastKnownFileType = sourcecode.swift; path = "User+CoreDataClass.swift"; sourceTree = "<group>"; };
		2274037D27B7F15400DEFCAE /* User+CoreDataProperties.swift */ = {isa = PBXFileReference; lastKnownFileType = sourcecode.swift; path = "User+CoreDataProperties.swift"; sourceTree = "<group>"; };
/* End PBXFileReference section */

/* Begin PBXFrameworksBuildPhase section */
		2211AC0227B7D94D0039F9B8 /* Frameworks */ = {
			isa = PBXFrameworksBuildPhase;
			buildActionMask = 2147483647;
			files = (
			);
			runOnlyForDeploymentPostprocessing = 0;
		};
		2211AC1B27B7D9500039F9B8 /* Frameworks */ = {
			isa = PBXFrameworksBuildPhase;
			buildActionMask = 2147483647;
			files = (
			);
			runOnlyForDeploymentPostprocessing = 0;
		};
		2211AC2527B7D9500039F9B8 /* Frameworks */ = {
			isa = PBXFrameworksBuildPhase;
			buildActionMask = 2147483647;
			files = (
			);
			runOnlyForDeploymentPostprocessing = 0;
		};
/* End PBXFrameworksBuildPhase section */

/* Begin PBXGroup section */
		2211ABFC27B7D94D0039F9B8 = {
			isa = PBXGroup;
			children = (
				2211AC0727B7D94D0039F9B8 /* dyscMusic */,
				2211AC2127B7D9500039F9B8 /* dyscMusicTests */,
				2211AC2B27B7D9500039F9B8 /* dyscMusicUITests */,
				2211AC0627B7D94D0039F9B8 /* Products */,
			);
			sourceTree = "<group>";
		};
		2211AC0627B7D94D0039F9B8 /* Products */ = {
			isa = PBXGroup;
			children = (
				2211AC0527B7D94D0039F9B8 /* dyscMusic.app */,
				2211AC1E27B7D9500039F9B8 /* dyscMusicTests.xctest */,
				2211AC2827B7D9500039F9B8 /* dyscMusicUITests.xctest */,
			);
			name = Products;
			sourceTree = "<group>";
		};
		2211AC0727B7D94D0039F9B8 /* dyscMusic */ = {
			isa = PBXGroup;
			children = (
				2211AC6727B7DB560039F9B8 /* Utility */,
				2211AC4A27B7DB560039F9B8 /* View */,
				2211AC4027B7DB280039F9B8 /* Model */,
				2211AC3B27B7DB180039F9B8 /* Controller */,
				2211AC0827B7D94D0039F9B8 /* AppDelegate.swift */,
				2211AC0A27B7D94D0039F9B8 /* SceneDelegate.swift */,
				2211AC1427B7D94F0039F9B8 /* Assets.xcassets */,
				2211AC1627B7D94F0039F9B8 /* LaunchScreen.storyboard */,
				2211AC1927B7D94F0039F9B8 /* Info.plist */,
				2211AC1127B7D94D0039F9B8 /* dyscMusic.xcdatamodeld */,
			);
			path = dyscMusic;
			sourceTree = "<group>";
		};
		2211AC2127B7D9500039F9B8 /* dyscMusicTests */ = {
			isa = PBXGroup;
			children = (
				2211AC2227B7D9500039F9B8 /* dyscMusicTests.swift */,
			);
			path = dyscMusicTests;
			sourceTree = "<group>";
		};
		2211AC2B27B7D9500039F9B8 /* dyscMusicUITests */ = {
			isa = PBXGroup;
			children = (
				2211AC2C27B7D9500039F9B8 /* dyscMusicUITests.swift */,
				2211AC2E27B7D9500039F9B8 /* dyscMusicUITestsLaunchTests.swift */,
			);
			path = dyscMusicUITests;
			sourceTree = "<group>";
		};
		2211AC3B27B7DB180039F9B8 /* Controller */ = {
			isa = PBXGroup;
			children = (
				2211AC3C27B7DB180039F9B8 /* NetworkManager.swift */,
				2211AC3D27B7DB180039F9B8 /* AudioManager.swift */,
			);
			path = Controller;
			sourceTree = "<group>";
		};
		2211AC4027B7DB280039F9B8 /* Model */ = {
			isa = PBXGroup;
			children = (
				2274037C27B7F15400DEFCAE /* User+CoreDataClass.swift */,
				2274037D27B7F15400DEFCAE /* User+CoreDataProperties.swift */,
				2211AC4527B7DB280039F9B8 /* Models.swift */,
			);
			path = Model;
			sourceTree = "<group>";
		};
		2211AC4A27B7DB560039F9B8 /* View */ = {
			isa = PBXGroup;
			children = (
				2211AC4B27B7DB560039F9B8 /* Cells.swift */,
				2211AC4C27B7DB560039F9B8 /* SearchViewController.swift */,
				2211AC4D27B7DB560039F9B8 /* Library.swift */,
				2211AC4E27B7DB560039F9B8 /* MusicViewController.swift */,
				2211AC4F27B7DB560039F9B8 /* DetailViewController.swift */,
				2211AC5027B7DB560039F9B8 /* PlayerViewController.swift */,
				2211AC6127B7DB560039F9B8 /* PlaylistViewController.swift */,
				2211AC6227B7DB560039F9B8 /* HomeVc.swift */,
				2211AC6327B7DB560039F9B8 /* LoginViewController.swift */,
				2211AC6427B7DB560039F9B8 /* VideoViewController.swift */,
				2211AC6527B7DB560039F9B8 /* ProfileViewController.swift */,
				2211AC6627B7DB560039F9B8 /* components.swift */,
				2211AC5127B7DB560039F9B8 /* SubViews */,
			);
			path = View;
			sourceTree = "<group>";
		};
		2211AC5127B7DB560039F9B8 /* SubViews */ = {
			isa = PBXGroup;
			children = (
				2211AC5227B7DB560039F9B8 /* Settings */,
				2211AC5A27B7DB560039F9B8 /* TrackQueueListViewController.swift */,
				2211AC5B27B7DB560039F9B8 /* SearchResultViewController.swift */,
				2211AC5C27B7DB560039F9B8 /* TrackHistoryViewController.swift */,
				2211AC5D27B7DB560039F9B8 /* ArtistProfileVc.swift */,
				2211AC5E27B7DB560039F9B8 /* ReleasesVc.swift */,
				2211AC5F27B7DB560039F9B8 /* TrackOptionsViewController.swift */,
				2211AC6027B7DB560039F9B8 /* OverViewController.swift */,
			);
			path = SubViews;
			sourceTree = "<group>";
		};
		2211AC5227B7DB560039F9B8 /* Settings */ = {
			isa = PBXGroup;
			children = (
				2211AC5327B7DB560039F9B8 /* aboutVc.swift */,
				2211AC5427B7DB560039F9B8 /* NotificationSettingsVc.swift */,
				2211AC5527B7DB560039F9B8 /* SecuritySettingsVc.swift */,
				2211AC5627B7DB560039F9B8 /* AccountSettingsVc.swift */,
				2211AC5727B7DB560039F9B8 /* PrivacySettingsVc.swift */,
				2211AC5827B7DB560039F9B8 /* WalletSettingsVc.swift */,
				2211AC5927B7DB560039F9B8 /* SettingsViewController.swift */,
			);
			path = Settings;
			sourceTree = "<group>";
		};
		2211AC6727B7DB560039F9B8 /* Utility */ = {
			isa = PBXGroup;
			children = (
				2211AC6827B7DB560039F9B8 /* UtilityFunctions.swift */,
				2211AC6927B7DB560039F9B8 /* extensions.swift */,
				2211AC6A27B7DB560039F9B8 /* Protocols.swift */,
			);
			path = Utility;
			sourceTree = "<group>";
		};
/* End PBXGroup section */

/* Begin PBXNativeTarget section */
		2211AC0427B7D94D0039F9B8 /* dyscMusic */ = {
			isa = PBXNativeTarget;
			buildConfigurationList = 2211AC3227B7D9500039F9B8 /* Build configuration list for PBXNativeTarget "dyscMusic" */;
			buildPhases = (
				2211AC0127B7D94D0039F9B8 /* Sources */,
				2211AC0227B7D94D0039F9B8 /* Frameworks */,
				2211AC0327B7D94D0039F9B8 /* Resources */,
			);
			buildRules = (
			);
			dependencies = (
			);
			name = dyscMusic;
			productName = dyscMusic;
			productReference = 2211AC0527B7D94D0039F9B8 /* dyscMusic.app */;
			productType = "com.apple.product-type.application";
		};
		2211AC1D27B7D9500039F9B8 /* dyscMusicTests */ = {
			isa = PBXNativeTarget;
			buildConfigurationList = 2211AC3527B7D9500039F9B8 /* Build configuration list for PBXNativeTarget "dyscMusicTests" */;
			buildPhases = (
				2211AC1A27B7D9500039F9B8 /* Sources */,
				2211AC1B27B7D9500039F9B8 /* Frameworks */,
				2211AC1C27B7D9500039F9B8 /* Resources */,
			);
			buildRules = (
			);
			dependencies = (
				2211AC2027B7D9500039F9B8 /* PBXTargetDependency */,
			);
			name = dyscMusicTests;
			productName = dyscMusicTests;
			productReference = 2211AC1E27B7D9500039F9B8 /* dyscMusicTests.xctest */;
			productType = "com.apple.product-type.bundle.unit-test";
		};
		2211AC2727B7D9500039F9B8 /* dyscMusicUITests */ = {
			isa = PBXNativeTarget;
			buildConfigurationList = 2211AC3827B7D9500039F9B8 /* Build configuration list for PBXNativeTarget "dyscMusicUITests" */;
			buildPhases = (
				2211AC2427B7D9500039F9B8 /* Sources */,
				2211AC2527B7D9500039F9B8 /* Frameworks */,
				2211AC2627B7D9500039F9B8 /* Resources */,
			);
			buildRules = (
			);
			dependencies = (
				2211AC2A27B7D9500039F9B8 /* PBXTargetDependency */,
			);
			name = dyscMusicUITests;
			productName = dyscMusicUITests;
			productReference = 2211AC2827B7D9500039F9B8 /* dyscMusicUITests.xctest */;
			productType = "com.apple.product-type.bundle.ui-testing";
		};
/* End PBXNativeTarget section */

/* Begin PBXProject section */
		2211ABFD27B7D94D0039F9B8 /* Project object */ = {
			isa = PBXProject;
			attributes = {
				BuildIndependentTargetsInParallel = 1;
				LastSwiftUpdateCheck = 1310;
				LastUpgradeCheck = 1310;
				TargetAttributes = {
					2211AC0427B7D94D0039F9B8 = {
						CreatedOnToolsVersion = 13.1;
					};
					2211AC1D27B7D9500039F9B8 = {
						CreatedOnToolsVersion = 13.1;
						TestTargetID = 2211AC0427B7D94D0039F9B8;
					};
					2211AC2727B7D9500039F9B8 = {
						CreatedOnToolsVersion = 13.1;
						TestTargetID = 2211AC0427B7D94D0039F9B8;
					};
				};
			};
			buildConfigurationList = 2211AC0027B7D94D0039F9B8 /* Build configuration list for PBXProject "dyscMusic" */;
			compatibilityVersion = "Xcode 13.0";
			developmentRegion = en;
			hasScannedForEncodings = 0;
			knownRegions = (
				en,
				Base,
			);
			mainGroup = 2211ABFC27B7D94D0039F9B8;
			productRefGroup = 2211AC0627B7D94D0039F9B8 /* Products */;
			projectDirPath = "";
			projectRoot = "";
			targets = (
				2211AC0427B7D94D0039F9B8 /* dyscMusic */,
				2211AC1D27B7D9500039F9B8 /* dyscMusicTests */,
				2211AC2727B7D9500039F9B8 /* dyscMusicUITests */,
			);
		};
/* End PBXProject section */

/* Begin PBXResourcesBuildPhase section */
		2211AC0327B7D94D0039F9B8 /* Resources */ = {
			isa = PBXResourcesBuildPhase;
			buildActionMask = 2147483647;
			files = (
				2211AC1827B7D94F0039F9B8 /* LaunchScreen.storyboard in Resources */,
				2211AC1527B7D94F0039F9B8 /* Assets.xcassets in Resources */,
			);
			runOnlyForDeploymentPostprocessing = 0;
		};
		2211AC1C27B7D9500039F9B8 /* Resources */ = {
			isa = PBXResourcesBuildPhase;
			buildActionMask = 2147483647;
			files = (
			);
			runOnlyForDeploymentPostprocessing = 0;
		};
		2211AC2627B7D9500039F9B8 /* Resources */ = {
			isa = PBXResourcesBuildPhase;
			buildActionMask = 2147483647;
			files = (
			);
			runOnlyForDeploymentPostprocessing = 0;
		};
/* End PBXResourcesBuildPhase section */

/* Begin PBXSourcesBuildPhase section */
		2211AC0127B7D94D0039F9B8 /* Sources */ = {
			isa = PBXSourcesBuildPhase;
			buildActionMask = 2147483647;
			files = (
				2211AC7627B7DB560039F9B8 /* WalletSettingsVc.swift in Sources */,
				2274037E27B7F15400DEFCAE /* User+CoreDataClass.swift in Sources */,
				2211AC3F27B7DB180039F9B8 /* AudioManager.swift in Sources */,
				2211AC7827B7DB560039F9B8 /* TrackQueueListViewController.swift in Sources */,
				2211AC7027B7DB560039F9B8 /* PlayerViewController.swift in Sources */,
				2211AC7C27B7DB560039F9B8 /* ReleasesVc.swift in Sources */,
				2211AC6D27B7DB560039F9B8 /* Library.swift in Sources */,
				2211AC8227B7DB560039F9B8 /* VideoViewController.swift in Sources */,
				2211AC8727B7DB560039F9B8 /* Protocols.swift in Sources */,
				2274037F27B7F15400DEFCAE /* User+CoreDataProperties.swift in Sources */,
				2211AC7927B7DB560039F9B8 /* SearchResultViewController.swift in Sources */,
				2211AC8027B7DB560039F9B8 /* HomeVc.swift in Sources */,
				2211AC7A27B7DB560039F9B8 /* TrackHistoryViewController.swift in Sources */,
				2211AC0927B7D94D0039F9B8 /* AppDelegate.swift in Sources */,
				2211AC7527B7DB560039F9B8 /* PrivacySettingsVc.swift in Sources */,
				2211AC8527B7DB560039F9B8 /* UtilityFunctions.swift in Sources */,
				2211AC7F27B7DB560039F9B8 /* PlaylistViewController.swift in Sources */,
				2211AC7D27B7DB560039F9B8 /* TrackOptionsViewController.swift in Sources */,
				2211AC3E27B7DB180039F9B8 /* NetworkManager.swift in Sources */,
				2211AC7127B7DB560039F9B8 /* aboutVc.swift in Sources */,
				2211AC7B27B7DB560039F9B8 /* ArtistProfileVc.swift in Sources */,
				2211AC6C27B7DB560039F9B8 /* SearchViewController.swift in Sources */,
				2211AC7E27B7DB560039F9B8 /* OverViewController.swift in Sources */,
				2211AC8127B7DB560039F9B8 /* LoginViewController.swift in Sources */,
				2211AC7227B7DB560039F9B8 /* NotificationSettingsVc.swift in Sources */,
				2211AC8627B7DB560039F9B8 /* extensions.swift in Sources */,
				2211AC6E27B7DB560039F9B8 /* MusicViewController.swift in Sources */,
				2211AC1327B7D94D0039F9B8 /* dyscMusic.xcdatamodeld in Sources */,
				2211AC7727B7DB560039F9B8 /* SettingsViewController.swift in Sources */,
				2211AC0B27B7D94D0039F9B8 /* SceneDelegate.swift in Sources */,
				2211AC6B27B7DB560039F9B8 /* Cells.swift in Sources */,
				2211AC8427B7DB560039F9B8 /* components.swift in Sources */,
				2211AC7327B7DB560039F9B8 /* SecuritySettingsVc.swift in Sources */,
				2211AC6F27B7DB560039F9B8 /* DetailViewController.swift in Sources */,
				2211AC7427B7DB560039F9B8 /* AccountSettingsVc.swift in Sources */,
				2211AC8327B7DB560039F9B8 /* ProfileViewController.swift in Sources */,
				2211AC4927B7DB290039F9B8 /* Models.swift in Sources */,
			);
			runOnlyForDeploymentPostprocessing = 0;
		};
		2211AC1A27B7D9500039F9B8 /* Sources */ = {
			isa = PBXSourcesBuildPhase;
			buildActionMask = 2147483647;
			files = (
				2211AC2327B7D9500039F9B8 /* dyscMusicTests.swift in Sources */,
			);
			runOnlyForDeploymentPostprocessing = 0;
		};
		2211AC2427B7D9500039F9B8 /* Sources */ = {
			isa = PBXSourcesBuildPhase;
			buildActionMask = 2147483647;
			files = (
				2211AC2D27B7D9500039F9B8 /* dyscMusicUITests.swift in Sources */,
				2211AC2F27B7D9500039F9B8 /* dyscMusicUITestsLaunchTests.swift in Sources */,
			);
			runOnlyForDeploymentPostprocessing = 0;
		};
/* End PBXSourcesBuildPhase section */

/* Begin PBXTargetDependency section */
		2211AC2027B7D9500039F9B8 /* PBXTargetDependency */ = {
			isa = PBXTargetDependency;
			target = 2211AC0427B7D94D0039F9B8 /* dyscMusic */;
			targetProxy = 2211AC1F27B7D9500039F9B8 /* PBXContainerItemProxy */;
		};
		2211AC2A27B7D9500039F9B8 /* PBXTargetDependency */ = {
			isa = PBXTargetDependency;
			target = 2211AC0427B7D94D0039F9B8 /* dyscMusic */;
			targetProxy = 2211AC2927B7D9500039F9B8 /* PBXContainerItemProxy */;
		};
/* End PBXTargetDependency section */

/* Begin PBXVariantGroup section */
		2211AC1627B7D94F0039F9B8 /* LaunchScreen.storyboard */ = {
			isa = PBXVariantGroup;
			children = (
				2211AC1727B7D94F0039F9B8 /* Base */,
			);
			name = LaunchScreen.storyboard;
			sourceTree = "<group>";
		};
/* End PBXVariantGroup section */

/* Begin XCBuildConfiguration section */
		2211AC3027B7D9500039F9B8 /* Debug */ = {
			isa = XCBuildConfiguration;
			buildSettings = {
				ALWAYS_SEARCH_USER_PATHS = NO;
				CLANG_ANALYZER_NONNULL = YES;
				CLANG_ANALYZER_NUMBER_OBJECT_CONVERSION = YES_AGGRESSIVE;
				CLANG_CXX_LANGUAGE_STANDARD = "gnu++17";
				CLANG_CXX_LIBRARY = "libc++";
				CLANG_ENABLE_MODULES = YES;
				CLANG_ENABLE_OBJC_ARC = YES;
				CLANG_ENABLE_OBJC_WEAK = YES;
				CLANG_WARN_BLOCK_CAPTURE_AUTORELEASING = YES;
				CLANG_WARN_BOOL_CONVERSION = YES;
				CLANG_WARN_COMMA = YES;
				CLANG_WARN_CONSTANT_CONVERSION = YES;
				CLANG_WARN_DEPRECATED_OBJC_IMPLEMENTATIONS = YES;
				CLANG_WARN_DIRECT_OBJC_ISA_USAGE = YES_ERROR;
				CLANG_WARN_DOCUMENTATION_COMMENTS = YES;
				CLANG_WARN_EMPTY_BODY = YES;
				CLANG_WARN_ENUM_CONVERSION = YES;
				CLANG_WARN_INFINITE_RECURSION = YES;
				CLANG_WARN_INT_CONVERSION = YES;
				CLANG_WARN_NON_LITERAL_NULL_CONVERSION = YES;
				CLANG_WARN_OBJC_IMPLICIT_RETAIN_SELF = YES;
				CLANG_WARN_OBJC_LITERAL_CONVERSION = YES;
				CLANG_WARN_OBJC_ROOT_CLASS = YES_ERROR;
				CLANG_WARN_QUOTED_INCLUDE_IN_FRAMEWORK_HEADER = YES;
				CLANG_WARN_RANGE_LOOP_ANALYSIS = YES;
				CLANG_WARN_STRICT_PROTOTYPES = YES;
				CLANG_WARN_SUSPICIOUS_MOVE = YES;
				CLANG_WARN_UNGUARDED_AVAILABILITY = YES_AGGRESSIVE;
				CLANG_WARN_UNREACHABLE_CODE = YES;
				CLANG_WARN__DUPLICATE_METHOD_MATCH = YES;
				COPY_PHASE_STRIP = NO;
				DEBUG_INFORMATION_FORMAT = dwarf;
				ENABLE_STRICT_OBJC_MSGSEND = YES;
				ENABLE_TESTABILITY = YES;
				GCC_C_LANGUAGE_STANDARD = gnu11;
				GCC_DYNAMIC_NO_PIC = NO;
				GCC_NO_COMMON_BLOCKS = YES;
				GCC_OPTIMIZATION_LEVEL = 0;
				GCC_PREPROCESSOR_DEFINITIONS = (
					"DEBUG=1",
					"$(inherited)",
				);
				GCC_WARN_64_TO_32_BIT_CONVERSION = YES;
				GCC_WARN_ABOUT_RETURN_TYPE = YES_ERROR;
				GCC_WARN_UNDECLARED_SELECTOR = YES;
				GCC_WARN_UNINITIALIZED_AUTOS = YES_AGGRESSIVE;
				GCC_WARN_UNUSED_FUNCTION = YES;
				GCC_WARN_UNUSED_VARIABLE = YES;
				IPHONEOS_DEPLOYMENT_TARGET = 15.0;
				MTL_ENABLE_DEBUG_INFO = INCLUDE_SOURCE;
				MTL_FAST_MATH = YES;
				ONLY_ACTIVE_ARCH = YES;
				SDKROOT = iphoneos;
				SWIFT_ACTIVE_COMPILATION_CONDITIONS = DEBUG;
				SWIFT_OPTIMIZATION_LEVEL = "-Onone";
			};
			name = Debug;
		};
		2211AC3127B7D9500039F9B8 /* Release */ = {
			isa = XCBuildConfiguration;
			buildSettings = {
				ALWAYS_SEARCH_USER_PATHS = NO;
				CLANG_ANALYZER_NONNULL = YES;
				CLANG_ANALYZER_NUMBER_OBJECT_CONVERSION = YES_AGGRESSIVE;
				CLANG_CXX_LANGUAGE_STANDARD = "gnu++17";
				CLANG_CXX_LIBRARY = "libc++";
				CLANG_ENABLE_MODULES = YES;
				CLANG_ENABLE_OBJC_ARC = YES;
				CLANG_ENABLE_OBJC_WEAK = YES;
				CLANG_WARN_BLOCK_CAPTURE_AUTORELEASING = YES;
				CLANG_WARN_BOOL_CONVERSION = YES;
				CLANG_WARN_COMMA = YES;
				CLANG_WARN_CONSTANT_CONVERSION = YES;
				CLANG_WARN_DEPRECATED_OBJC_IMPLEMENTATIONS = YES;
				CLANG_WARN_DIRECT_OBJC_ISA_USAGE = YES_ERROR;
				CLANG_WARN_DOCUMENTATION_COMMENTS = YES;
				CLANG_WARN_EMPTY_BODY = YES;
				CLANG_WARN_ENUM_CONVERSION = YES;
				CLANG_WARN_INFINITE_RECURSION = YES;
				CLANG_WARN_INT_CONVERSION = YES;
				CLANG_WARN_NON_LITERAL_NULL_CONVERSION = YES;
				CLANG_WARN_OBJC_IMPLICIT_RETAIN_SELF = YES;
				CLANG_WARN_OBJC_LITERAL_CONVERSION = YES;
				CLANG_WARN_OBJC_ROOT_CLASS = YES_ERROR;
				CLANG_WARN_QUOTED_INCLUDE_IN_FRAMEWORK_HEADER = YES;
				CLANG_WARN_RANGE_LOOP_ANALYSIS = YES;
				CLANG_WARN_STRICT_PROTOTYPES = YES;
				CLANG_WARN_SUSPICIOUS_MOVE = YES;
				CLANG_WARN_UNGUARDED_AVAILABILITY = YES_AGGRESSIVE;
				CLANG_WARN_UNREACHABLE_CODE = YES;
				CLANG_WARN__DUPLICATE_METHOD_MATCH = YES;
				COPY_PHASE_STRIP = NO;
				DEBUG_INFORMATION_FORMAT = "dwarf-with-dsym";
				ENABLE_NS_ASSERTIONS = NO;
				ENABLE_STRICT_OBJC_MSGSEND = YES;
				GCC_C_LANGUAGE_STANDARD = gnu11;
				GCC_NO_COMMON_BLOCKS = YES;
				GCC_WARN_64_TO_32_BIT_CONVERSION = YES;
				GCC_WARN_ABOUT_RETURN_TYPE = YES_ERROR;
				GCC_WARN_UNDECLARED_SELECTOR = YES;
				GCC_WARN_UNINITIALIZED_AUTOS = YES_AGGRESSIVE;
				GCC_WARN_UNUSED_FUNCTION = YES;
				GCC_WARN_UNUSED_VARIABLE = YES;
				IPHONEOS_DEPLOYMENT_TARGET = 15.0;
				MTL_ENABLE_DEBUG_INFO = NO;
				MTL_FAST_MATH = YES;
				SDKROOT = iphoneos;
				SWIFT_COMPILATION_MODE = wholemodule;
				SWIFT_OPTIMIZATION_LEVEL = "-O";
				VALIDATE_PRODUCT = YES;
			};
			name = Release;
		};
		2211AC3327B7D9500039F9B8 /* Debug */ = {
			isa = XCBuildConfiguration;
			buildSettings = {
				ASSETCATALOG_COMPILER_APPICON_NAME = AppIcon;
				ASSETCATALOG_COMPILER_GLOBAL_ACCENT_COLOR_NAME = AccentColor;
				CODE_SIGN_STYLE = Automatic;
				CURRENT_PROJECT_VERSION = 1;
				DEVELOPMENT_TEAM = JR68HFY6D7;
				GENERATE_INFOPLIST_FILE = YES;
				INFOPLIST_FILE = dyscMusic/Info.plist;
				INFOPLIST_KEY_UIApplicationSupportsIndirectInputEvents = YES;
				INFOPLIST_KEY_UILaunchStoryboardName = LaunchScreen;
				INFOPLIST_KEY_UISupportedInterfaceOrientations = UIInterfaceOrientationPortrait;
				INFOPLIST_KEY_UISupportedInterfaceOrientations_iPad = "UIInterfaceOrientationPortrait UIInterfaceOrientationPortraitUpsideDown UIInterfaceOrientationLandscapeLeft UIInterfaceOrientationLandscapeRight";
				INFOPLIST_KEY_UISupportedInterfaceOrientations_iPhone = "UIInterfaceOrientationPortrait UIInterfaceOrientationLandscapeLeft UIInterfaceOrientationLandscapeRight";
				LD_RUNPATH_SEARCH_PATHS = (
					"$(inherited)",
					"@executable_path/Frameworks",
				);
				MARKETING_VERSION = 1.0;
				PRODUCT_BUNDLE_IDENTIFIER = dysc.dyscMusic;
				PRODUCT_NAME = "$(TARGET_NAME)";
				SWIFT_EMIT_LOC_STRINGS = YES;
				SWIFT_VERSION = 5.0;
				TARGETED_DEVICE_FAMILY = 1;
			};
			name = Debug;
		};
		2211AC3427B7D9500039F9B8 /* Release */ = {
			isa = XCBuildConfiguration;
			buildSettings = {
				ASSETCATALOG_COMPILER_APPICON_NAME = AppIcon;
				ASSETCATALOG_COMPILER_GLOBAL_ACCENT_COLOR_NAME = AccentColor;
				CODE_SIGN_STYLE = Automatic;
				CURRENT_PROJECT_VERSION = 1;
				DEVELOPMENT_TEAM = JR68HFY6D7;
				GENERATE_INFOPLIST_FILE = YES;
				INFOPLIST_FILE = dyscMusic/Info.plist;
				INFOPLIST_KEY_UIApplicationSupportsIndirectInputEvents = YES;
				INFOPLIST_KEY_UILaunchStoryboardName = LaunchScreen;
				INFOPLIST_KEY_UISupportedInterfaceOrientations = UIInterfaceOrientationPortrait;
				INFOPLIST_KEY_UISupportedInterfaceOrientations_iPad = "UIInterfaceOrientationPortrait UIInterfaceOrientationPortraitUpsideDown UIInterfaceOrientationLandscapeLeft UIInterfaceOrientationLandscapeRight";
				INFOPLIST_KEY_UISupportedInterfaceOrientations_iPhone = "UIInterfaceOrientationPortrait UIInterfaceOrientationLandscapeLeft UIInterfaceOrientationLandscapeRight";
				LD_RUNPATH_SEARCH_PATHS = (
					"$(inherited)",
					"@executable_path/Frameworks",
				);
				MARKETING_VERSION = 1.0;
				PRODUCT_BUNDLE_IDENTIFIER = dysc.dyscMusic;
				PRODUCT_NAME = "$(TARGET_NAME)";
				SWIFT_EMIT_LOC_STRINGS = YES;
				SWIFT_VERSION = 5.0;
				TARGETED_DEVICE_FAMILY = 1;
			};
			name = Release;
		};
		2211AC3627B7D9500039F9B8 /* Debug */ = {
			isa = XCBuildConfiguration;
			buildSettings = {
				ALWAYS_EMBED_SWIFT_STANDARD_LIBRARIES = YES;
				BUNDLE_LOADER = "$(TEST_HOST)";
				CODE_SIGN_STYLE = Automatic;
				CURRENT_PROJECT_VERSION = 1;
				DEVELOPMENT_TEAM = JR68HFY6D7;
				GENERATE_INFOPLIST_FILE = YES;
				IPHONEOS_DEPLOYMENT_TARGET = 15.0;
				LD_RUNPATH_SEARCH_PATHS = (
					"$(inherited)",
					"@executable_path/Frameworks",
					"@loader_path/Frameworks",
				);
				MARKETING_VERSION = 1.0;
				PRODUCT_BUNDLE_IDENTIFIER = dysc.dyscMusicTests;
				PRODUCT_NAME = "$(TARGET_NAME)";
				SWIFT_EMIT_LOC_STRINGS = NO;
				SWIFT_VERSION = 5.0;
				TARGETED_DEVICE_FAMILY = "1,2";
				TEST_HOST = "$(BUILT_PRODUCTS_DIR)/dyscMusic.app/dyscMusic";
			};
			name = Debug;
		};
		2211AC3727B7D9500039F9B8 /* Release */ = {
			isa = XCBuildConfiguration;
			buildSettings = {
				ALWAYS_EMBED_SWIFT_STANDARD_LIBRARIES = YES;
				BUNDLE_LOADER = "$(TEST_HOST)";
				CODE_SIGN_STYLE = Automatic;
				CURRENT_PROJECT_VERSION = 1;
				DEVELOPMENT_TEAM = JR68HFY6D7;
				GENERATE_INFOPLIST_FILE = YES;
				IPHONEOS_DEPLOYMENT_TARGET = 15.0;
				LD_RUNPATH_SEARCH_PATHS = (
					"$(inherited)",
					"@executable_path/Frameworks",
					"@loader_path/Frameworks",
				);
				MARKETING_VERSION = 1.0;
				PRODUCT_BUNDLE_IDENTIFIER = dysc.dyscMusicTests;
				PRODUCT_NAME = "$(TARGET_NAME)";
				SWIFT_EMIT_LOC_STRINGS = NO;
				SWIFT_VERSION = 5.0;
				TARGETED_DEVICE_FAMILY = "1,2";
				TEST_HOST = "$(BUILT_PRODUCTS_DIR)/dyscMusic.app/dyscMusic";
			};
			name = Release;
		};
		2211AC3927B7D9500039F9B8 /* Debug */ = {
			isa = XCBuildConfiguration;
			buildSettings = {
				ALWAYS_EMBED_SWIFT_STANDARD_LIBRARIES = YES;
				CODE_SIGN_STYLE = Automatic;
				CURRENT_PROJECT_VERSION = 1;
				DEVELOPMENT_TEAM = JR68HFY6D7;
				GENERATE_INFOPLIST_FILE = YES;
				LD_RUNPATH_SEARCH_PATHS = (
					"$(inherited)",
					"@executable_path/Frameworks",
					"@loader_path/Frameworks",
				);
				MARKETING_VERSION = 1.0;
				PRODUCT_BUNDLE_IDENTIFIER = dysc.dyscMusicUITests;
				PRODUCT_NAME = "$(TARGET_NAME)";
				SWIFT_EMIT_LOC_STRINGS = NO;
				SWIFT_VERSION = 5.0;
				TARGETED_DEVICE_FAMILY = "1,2";
				TEST_TARGET_NAME = dyscMusic;
			};
			name = Debug;
		};
		2211AC3A27B7D9500039F9B8 /* Release */ = {
			isa = XCBuildConfiguration;
			buildSettings = {
				ALWAYS_EMBED_SWIFT_STANDARD_LIBRARIES = YES;
				CODE_SIGN_STYLE = Automatic;
				CURRENT_PROJECT_VERSION = 1;
				DEVELOPMENT_TEAM = JR68HFY6D7;
				GENERATE_INFOPLIST_FILE = YES;
				LD_RUNPATH_SEARCH_PATHS = (
					"$(inherited)",
					"@executable_path/Frameworks",
					"@loader_path/Frameworks",
				);
				MARKETING_VERSION = 1.0;
				PRODUCT_BUNDLE_IDENTIFIER = dysc.dyscMusicUITests;
				PRODUCT_NAME = "$(TARGET_NAME)";
				SWIFT_EMIT_LOC_STRINGS = NO;
				SWIFT_VERSION = 5.0;
				TARGETED_DEVICE_FAMILY = "1,2";
				TEST_TARGET_NAME = dyscMusic;
			};
			name = Release;
		};
/* End XCBuildConfiguration section */

/* Begin XCConfigurationList section */
		2211AC0027B7D94D0039F9B8 /* Build configuration list for PBXProject "dyscMusic" */ = {
			isa = XCConfigurationList;
			buildConfigurations = (
				2211AC3027B7D9500039F9B8 /* Debug */,
				2211AC3127B7D9500039F9B8 /* Release */,
			);
			defaultConfigurationIsVisible = 0;
			defaultConfigurationName = Release;
		};
		2211AC3227B7D9500039F9B8 /* Build configuration list for PBXNativeTarget "dyscMusic" */ = {
			isa = XCConfigurationList;
			buildConfigurations = (
				2211AC3327B7D9500039F9B8 /* Debug */,
				2211AC3427B7D9500039F9B8 /* Release */,
			);
			defaultConfigurationIsVisible = 0;
			defaultConfigurationName = Release;
		};
		2211AC3527B7D9500039F9B8 /* Build configuration list for PBXNativeTarget "dyscMusicTests" */ = {
			isa = XCConfigurationList;
			buildConfigurations = (
				2211AC3627B7D9500039F9B8 /* Debug */,
				2211AC3727B7D9500039F9B8 /* Release */,
			);
			defaultConfigurationIsVisible = 0;
			defaultConfigurationName = Release;
		};
		2211AC3827B7D9500039F9B8 /* Build configuration list for PBXNativeTarget "dyscMusicUITests" */ = {
			isa = XCConfigurationList;
			buildConfigurations = (
				2211AC3927B7D9500039F9B8 /* Debug */,
				2211AC3A27B7D9500039F9B8 /* Release */,
			);
			defaultConfigurationIsVisible = 0;
			defaultConfigurationName = Release;
		};
/* End XCConfigurationList section */

/* Begin XCVersionGroup section */
		2211AC1127B7D94D0039F9B8 /* dyscMusic.xcdatamodeld */ = {
			isa = XCVersionGroup;
			children = (
				2211AC1227B7D94D0039F9B8 /* dyscMusic.xcdatamodel */,
			);
			currentVersion = 2211AC1227B7D94D0039F9B8 /* dyscMusic.xcdatamodel */;
			path = dyscMusic.xcdatamodeld;
			sourceTree = "<group>";
			versionGroupType = wrapper.xcdatamodel;
		};
/* End XCVersionGroup section */
	};
	rootObject = 2211ABFD27B7D94D0039F9B8 /* Project object */;
}
